// !$*UTF8*$!
{
	archiveVersion = 1;
	classes = {
	};
	objectVersion = 48;
	objects = {

/* Begin PBXBuildFile section */
		E137CAF01F7012DB00CB175C /* SOSwiftVocabulary.framework in Frameworks */ = {isa = PBXBuildFile; fileRef = E137CAE61F7012DB00CB175C /* SOSwiftVocabulary.framework */; };
		E137CAF71F7012DB00CB175C /* SOSwiftVocabulary.h in Headers */ = {isa = PBXBuildFile; fileRef = E137CAE91F7012DB00CB175C /* SOSwiftVocabulary.h */; settings = {ATTRIBUTES = (Public, ); }; };
		E137CCE21F7039D600CB175C /* AccessibilityAPI.swift in Sources */ = {isa = PBXBuildFile; fileRef = E137CC5E1F7039D600CB175C /* AccessibilityAPI.swift */; };
		E137CCE31F7039D600CB175C /* AccessibilityControl.swift in Sources */ = {isa = PBXBuildFile; fileRef = E137CC5F1F7039D600CB175C /* AccessibilityControl.swift */; };
		E137CCE41F7039D600CB175C /* AccessibilityFeature.swift in Sources */ = {isa = PBXBuildFile; fileRef = E137CC601F7039D600CB175C /* AccessibilityFeature.swift */; };
		E137CCE51F7039D600CB175C /* AccessibilityHazard.swift in Sources */ = {isa = PBXBuildFile; fileRef = E137CC611F7039D600CB175C /* AccessibilityHazard.swift */; };
		E137CCE61F7039D600CB175C /* AccessMode.swift in Sources */ = {isa = PBXBuildFile; fileRef = E137CC621F7039D600CB175C /* AccessMode.swift */; };
		E137CCE71F7039D600CB175C /* AccessModeSufficient.swift in Sources */ = {isa = PBXBuildFile; fileRef = E137CC631F7039D600CB175C /* AccessModeSufficient.swift */; };
		E137CCE81F7039D600CB175C /* Action.swift in Sources */ = {isa = PBXBuildFile; fileRef = E137CC641F7039D600CB175C /* Action.swift */; };
		E137CCE91F7039D600CB175C /* ActionStatus.swift in Sources */ = {isa = PBXBuildFile; fileRef = E137CC651F7039D600CB175C /* ActionStatus.swift */; };
		E137CCEA1F7039D600CB175C /* AdministrativeArea.swift in Sources */ = {isa = PBXBuildFile; fileRef = E137CC661F7039D600CB175C /* AdministrativeArea.swift */; };
		E137CCEB1F7039D600CB175C /* AggregateRating.swift in Sources */ = {isa = PBXBuildFile; fileRef = E137CC671F7039D600CB175C /* AggregateRating.swift */; };
		E137CCEC1F7039D600CB175C /* AlignmentObject.swift in Sources */ = {isa = PBXBuildFile; fileRef = E137CC681F7039D600CB175C /* AlignmentObject.swift */; };
		E137CCED1F7039D600CB175C /* AlignmentObjectOrCourseOrText.swift in Sources */ = {isa = PBXBuildFile; fileRef = E137CC691F7039D600CB175C /* AlignmentObjectOrCourseOrText.swift */; };
		E137CCEE1F7039D600CB175C /* Answer.swift in Sources */ = {isa = PBXBuildFile; fileRef = E137CC6A1F7039D600CB175C /* Answer.swift */; };
		E137CCEF1F7039D600CB175C /* AreaServed.swift in Sources */ = {isa = PBXBuildFile; fileRef = E137CC6B1F7039D600CB175C /* AreaServed.swift */; };
		E137CCF01F7039D600CB175C /* Article.swift in Sources */ = {isa = PBXBuildFile; fileRef = E137CC6C1F7039D600CB175C /* Article.swift */; };
		E137CCF11F7039D600CB175C /* Audience.swift in Sources */ = {isa = PBXBuildFile; fileRef = E137CC6D1F7039D600CB175C /* Audience.swift */; };
		E137CCF21F7039D600CB175C /* AudioObject.swift in Sources */ = {isa = PBXBuildFile; fileRef = E137CC6E1F7039D600CB175C /* AudioObject.swift */; };
		E137CCF31F7039D600CB175C /* Brand.swift in Sources */ = {isa = PBXBuildFile; fileRef = E137CC6F1F7039D600CB175C /* Brand.swift */; };
		E137CCF41F7039D600CB175C /* BrandOrOrganization.swift in Sources */ = {isa = PBXBuildFile; fileRef = E137CC701F7039D600CB175C /* BrandOrOrganization.swift */; };
		E137CCF51F7039D600CB175C /* BroadcastService.swift in Sources */ = {isa = PBXBuildFile; fileRef = E137CC711F7039D600CB175C /* BroadcastService.swift */; };
		E137CCF61F7039D600CB175C /* Comment.swift in Sources */ = {isa = PBXBuildFile; fileRef = E137CC721F7039D600CB175C /* Comment.swift */; };
		E137CCF71F7039D600CB175C /* ContactPoint.swift in Sources */ = {isa = PBXBuildFile; fileRef = E137CC731F7039D600CB175C /* ContactPoint.swift */; };
		E137CCF81F7039D600CB175C /* ContactPointOption.swift in Sources */ = {isa = PBXBuildFile; fileRef = E137CC741F7039D600CB175C /* ContactPointOption.swift */; };
		E137CCF91F7039D600CB175C /* ContactPointOrPlace.swift in Sources */ = {isa = PBXBuildFile; fileRef = E137CC751F7039D600CB175C /* ContactPointOrPlace.swift */; };
		E137CCFA1F7039D600CB175C /* Country.swift in Sources */ = {isa = PBXBuildFile; fileRef = E137CC761F7039D600CB175C /* Country.swift */; };
		E137CCFB1F7039D600CB175C /* CountryOrText.swift in Sources */ = {isa = PBXBuildFile; fileRef = E137CC771F7039D600CB175C /* CountryOrText.swift */; };
		E137CCFC1F7039D600CB175C /* Course.swift in Sources */ = {isa = PBXBuildFile; fileRef = E137CC781F7039D600CB175C /* Course.swift */; };
		E137CCFD1F7039D600CB175C /* CourseInstance.swift in Sources */ = {isa = PBXBuildFile; fileRef = E137CC791F7039D600CB175C /* CourseInstance.swift */; };
		E137CCFE1F7039D600CB175C /* CreativeWork.swift in Sources */ = {isa = PBXBuildFile; fileRef = E137CC7A1F7039D600CB175C /* CreativeWork.swift */; };
		E137CCFF1F7039D600CB175C /* CreativeWorkOrProductOrURL.swift in Sources */ = {isa = PBXBuildFile; fileRef = E137CC7B1F7039D600CB175C /* CreativeWorkOrProductOrURL.swift */; };
		E137CD001F7039D600CB175C /* CreativeWorkOrText.swift in Sources */ = {isa = PBXBuildFile; fileRef = E137CC7C1F7039D600CB175C /* CreativeWorkOrText.swift */; };
		E137CD011F7039D600CB175C /* CreativeWorkOrURL.swift in Sources */ = {isa = PBXBuildFile; fileRef = E137CC7D1F7039D600CB175C /* CreativeWorkOrURL.swift */; };
		E137CD021F7039D600CB175C /* DataFeed.swift in Sources */ = {isa = PBXBuildFile; fileRef = E137CC7E1F7039D600CB175C /* DataFeed.swift */; };
		E137CD031F7039D600CB175C /* Dataset.swift in Sources */ = {isa = PBXBuildFile; fileRef = E137CC7F1F7039D600CB175C /* Dataset.swift */; };
		E137CD041F7039D600CB175C /* DateOnly.swift in Sources */ = {isa = PBXBuildFile; fileRef = E137CC801F7039D600CB175C /* DateOnly.swift */; };
		E137CD051F7039D600CB175C /* DateOnlyOrDateTime.swift in Sources */ = {isa = PBXBuildFile; fileRef = E137CC811F7039D600CB175C /* DateOnlyOrDateTime.swift */; };
		E137CD061F7039D600CB175C /* DateTime.swift in Sources */ = {isa = PBXBuildFile; fileRef = E137CC821F7039D600CB175C /* DateTime.swift */; };
		E137CD071F7039D600CB175C /* DateTimeOrURLOrText.swift in Sources */ = {isa = PBXBuildFile; fileRef = E137CC831F7039D600CB175C /* DateTimeOrURLOrText.swift */; };
		E137CD081F7039D600CB175C /* DayOfWeek.swift in Sources */ = {isa = PBXBuildFile; fileRef = E137CC841F7039D600CB175C /* DayOfWeek.swift */; };
		E137CD091F7039D600CB175C /* Demand.swift in Sources */ = {isa = PBXBuildFile; fileRef = E137CC851F7039D600CB175C /* Demand.swift */; };
		E137CD0A1F7039D600CB175C /* Distance.swift in Sources */ = {isa = PBXBuildFile; fileRef = E137CC861F7039D600CB175C /* Distance.swift */; };
		E137CD0B1F7039D600CB175C /* DistanceOrQuantitativeValue.swift in Sources */ = {isa = PBXBuildFile; fileRef = E137CC871F7039D600CB175C /* DistanceOrQuantitativeValue.swift */; };
		E137CD0C1F7039D600CB175C /* Duration.swift in Sources */ = {isa = PBXBuildFile; fileRef = E137CC881F7039D600CB175C /* Duration.swift */; };
		E137CD0D1F7039D600CB175C /* EducationalOrganization.swift in Sources */ = {isa = PBXBuildFile; fileRef = E137CC891F7039D600CB175C /* EducationalOrganization.swift */; };
		E137CD0E1F7039D600CB175C /* EducationalOrganizationOrOrganization.swift in Sources */ = {isa = PBXBuildFile; fileRef = E137CC8A1F7039D600CB175C /* EducationalOrganizationOrOrganization.swift */; };
		E137CD0F1F7039D600CB175C /* EntryPoint.swift in Sources */ = {isa = PBXBuildFile; fileRef = E137CC8B1F7039D600CB175C /* EntryPoint.swift */; };
		E137CD101F7039D600CB175C /* Enumeration.swift in Sources */ = {isa = PBXBuildFile; fileRef = E137CC8C1F7039D600CB175C /* Enumeration.swift */; };
		E137CD111F7039D600CB175C /* Event.swift in Sources */ = {isa = PBXBuildFile; fileRef = E137CC8D1F7039D600CB175C /* Event.swift */; };
		E137CD121F7039D600CB175C /* EventStatus.swift in Sources */ = {isa = PBXBuildFile; fileRef = E137CC8E1F7039D600CB175C /* EventStatus.swift */; };
		E137CD131F7039D600CB175C /* Gender.swift in Sources */ = {isa = PBXBuildFile; fileRef = E137CC8F1F7039D600CB175C /* Gender.swift */; };
		E137CD141F7039D600CB175C /* GenderOrText.swift in Sources */ = {isa = PBXBuildFile; fileRef = E137CC901F7039D600CB175C /* GenderOrText.swift */; };
		E137CD151F7039D600CB175C /* GeoCoordinates.swift in Sources */ = {isa = PBXBuildFile; fileRef = E137CC911F7039D600CB175C /* GeoCoordinates.swift */; };
		E137CD161F7039D600CB175C /* GeoCoordinatesOrGeoShape.swift in Sources */ = {isa = PBXBuildFile; fileRef = E137CC921F7039D600CB175C /* GeoCoordinatesOrGeoShape.swift */; };
		E137CD171F7039D600CB175C /* GeoShape.swift in Sources */ = {isa = PBXBuildFile; fileRef = E137CC931F7039D600CB175C /* GeoShape.swift */; };
		E137CD181F7039D600CB175C /* Identifier.swift in Sources */ = {isa = PBXBuildFile; fileRef = E137CC941F7039D600CB175C /* Identifier.swift */; };
		E137CD191F7039D600CB175C /* ImageObject.swift in Sources */ = {isa = PBXBuildFile; fileRef = E137CC951F7039D600CB175C /* ImageObject.swift */; };
		E137CD1A1F7039D600CB175C /* ImageObjectOrPhotograph.swift in Sources */ = {isa = PBXBuildFile; fileRef = E137CC961F7039D600CB175C /* ImageObjectOrPhotograph.swift */; };
		E137CD1B1F7039D600CB175C /* ImageObjectOrURL.swift in Sources */ = {isa = PBXBuildFile; fileRef = E137CC971F7039D600CB175C /* ImageObjectOrURL.swift */; };
		E137CD1C1F7039D600CB175C /* Intangible.swift in Sources */ = {isa = PBXBuildFile; fileRef = E137CC981F7039D600CB175C /* Intangible.swift */; };
		E137CD1D1F7039D600CB175C /* IntegerOrText.swift in Sources */ = {isa = PBXBuildFile; fileRef = E137CC991F7039D600CB175C /* IntegerOrText.swift */; };
		E137CD1E1F7039D600CB175C /* InteractionCounter.swift in Sources */ = {isa = PBXBuildFile; fileRef = E137CC9A1F7039D600CB175C /* InteractionCounter.swift */; };
		E137CD1F1F7039D600CB175C /* Interactivity.swift in Sources */ = {isa = PBXBuildFile; fileRef = E137CC9B1F7039D600CB175C /* Interactivity.swift */; };
		E137CD201F7039D600CB175C /* ItemList.swift in Sources */ = {isa = PBXBuildFile; fileRef = E137CC9C1F7039D600CB175C /* ItemList.swift */; };
		E137CD211F7039D600CB175C /* ItemListOrder.swift in Sources */ = {isa = PBXBuildFile; fileRef = E137CC9D1F7039D600CB175C /* ItemListOrder.swift */; };
		E137CD221F7039D600CB175C /* ItemListOrderOrText.swift in Sources */ = {isa = PBXBuildFile; fileRef = E137CC9E1F7039D600CB175C /* ItemListOrderOrText.swift */; };
		E137CD231F7039D600CB175C /* ItemListOrMusicRecording.swift in Sources */ = {isa = PBXBuildFile; fileRef = E137CC9F1F7039D600CB175C /* ItemListOrMusicRecording.swift */; };
		E137CD241F7039D600CB175C /* Language.swift in Sources */ = {isa = PBXBuildFile; fileRef = E137CCA01F7039D600CB175C /* Language.swift */; };
		E137CD251F7039D600CB175C /* LanguageOrText.swift in Sources */ = {isa = PBXBuildFile; fileRef = E137CCA11F7039D600CB175C /* LanguageOrText.swift */; };
		E137CD261F7039D600CB175C /* ListItem.swift in Sources */ = {isa = PBXBuildFile; fileRef = E137CCA21F7039D600CB175C /* ListItem.swift */; };
		E137CD271F7039D600CB175C /* ListItemOrThingOrText.swift in Sources */ = {isa = PBXBuildFile; fileRef = E137CCA31F7039D600CB175C /* ListItemOrThingOrText.swift */; };
		E137CD281F7039D600CB175C /* LocationFeatureSpecification.swift in Sources */ = {isa = PBXBuildFile; fileRef = E137CCA41F7039D600CB175C /* LocationFeatureSpecification.swift */; };
		E137CD291F7039D600CB175C /* Map.swift in Sources */ = {isa = PBXBuildFile; fileRef = E137CCA51F7039D600CB175C /* Map.swift */; };
		E137CD2A1F7039D600CB175C /* MapOrURL.swift in Sources */ = {isa = PBXBuildFile; fileRef = E137CCA61F7039D600CB175C /* MapOrURL.swift */; };
		E137CD2B1F7039D600CB175C /* MapType.swift in Sources */ = {isa = PBXBuildFile; fileRef = E137CCA71F7039D600CB175C /* MapType.swift */; };
		E137CD2C1F7039D600CB175C /* MediaObject.swift in Sources */ = {isa = PBXBuildFile; fileRef = E137CCA81F7039D600CB175C /* MediaObject.swift */; };
		E137CD2D1F7039D600CB175C /* MonetaryAmount.swift in Sources */ = {isa = PBXBuildFile; fileRef = E137CCA91F7039D600CB175C /* MonetaryAmount.swift */; };
		E137CD2E1F7039D600CB175C /* MonetaryAmountOrPriceSpecification.swift in Sources */ = {isa = PBXBuildFile; fileRef = E137CCAA1F7039D600CB175C /* MonetaryAmountOrPriceSpecification.swift */; };
		E137CD2F1F7039D600CB175C /* MusicAlbum.swift in Sources */ = {isa = PBXBuildFile; fileRef = E137CCAB1F7039D600CB175C /* MusicAlbum.swift */; };
		E137CD301F7039D600CB175C /* MusicGroup.swift in Sources */ = {isa = PBXBuildFile; fileRef = E137CCAC1F7039D600CB175C /* MusicGroup.swift */; };
		E137CD311F7039D600CB175C /* MusicGroupOrPerson.swift in Sources */ = {isa = PBXBuildFile; fileRef = E137CCAD1F7039D600CB175C /* MusicGroupOrPerson.swift */; };
		E137CD321F7039D600CB175C /* MusicPlaylist.swift in Sources */ = {isa = PBXBuildFile; fileRef = E137CCAE1F7039D600CB175C /* MusicPlaylist.swift */; };
		E137CD331F7039D600CB175C /* MusicRecording.swift in Sources */ = {isa = PBXBuildFile; fileRef = E137CCAF1F7039D600CB175C /* MusicRecording.swift */; };
		E137CD341F7039D600CB175C /* NewsArticle.swift in Sources */ = {isa = PBXBuildFile; fileRef = E137CCB01F7039D600CB175C /* NewsArticle.swift */; };
		E137CD351F7039D600CB175C /* Number.swift in Sources */ = {isa = PBXBuildFile; fileRef = E137CCB11F7039D600CB175C /* Number.swift */; };
		E137CD361F7039D600CB175C /* NumberOrText.swift in Sources */ = {isa = PBXBuildFile; fileRef = E137CCB21F7039D600CB175C /* NumberOrText.swift */; };
		E137CD371F7039D600CB175C /* Offer.swift in Sources */ = {isa = PBXBuildFile; fileRef = E137CCB31F7039D600CB175C /* Offer.swift */; };
		E137CD381F7039D600CB175C /* OfferCatalog.swift in Sources */ = {isa = PBXBuildFile; fileRef = E137CCB41F7039D600CB175C /* OfferCatalog.swift */; };
		E137CD391F7039D600CB175C /* OfferItemCondition.swift in Sources */ = {isa = PBXBuildFile; fileRef = E137CCB51F7039D600CB175C /* OfferItemCondition.swift */; };
		E137CD3A1F7039D600CB175C /* OpeningHoursSpecification.swift in Sources */ = {isa = PBXBuildFile; fileRef = E137CCB61F7039D600CB175C /* OpeningHoursSpecification.swift */; };
		E137CD3B1F7039D600CB175C /* Organization.swift in Sources */ = {isa = PBXBuildFile; fileRef = E137CCB71F7039D600CB175C /* Organization.swift */; };
		E137CD3C1F7039D600CB175C /* OrganizationOrPerson.swift in Sources */ = {isa = PBXBuildFile; fileRef = E137CCB81F7039D600CB175C /* OrganizationOrPerson.swift */; };
		E137CD3D1F7039D600CB175C /* OrganizationOrProgramMembership.swift in Sources */ = {isa = PBXBuildFile; fileRef = E137CCB91F7039D600CB175C /* OrganizationOrProgramMembership.swift */; };
		E137CD3E1F7039D600CB175C /* OwnershipInfo.swift in Sources */ = {isa = PBXBuildFile; fileRef = E137CCBA1F7039D600CB175C /* OwnershipInfo.swift */; };
		E137CD3F1F7039D600CB175C /* OwnershipInfoOrProduct.swift in Sources */ = {isa = PBXBuildFile; fileRef = E137CCBB1F7039D600CB175C /* OwnershipInfoOrProduct.swift */; };
		E137CD401F7039D600CB175C /* PerformingGroup.swift in Sources */ = {isa = PBXBuildFile; fileRef = E137CCBC1F7039D600CB175C /* PerformingGroup.swift */; };
		E137CD411F7039D600CB175C /* Person.swift in Sources */ = {isa = PBXBuildFile; fileRef = E137CCBD1F7039D600CB175C /* Person.swift */; };
		E137CD421F7039D600CB175C /* PersonOrURL.swift in Sources */ = {isa = PBXBuildFile; fileRef = E137CCBE1F7039D600CB175C /* PersonOrURL.swift */; };
		E137CD431F7039D600CB175C /* Photograph.swift in Sources */ = {isa = PBXBuildFile; fileRef = E137CCBF1F7039D600CB175C /* Photograph.swift */; };
		E137CD441F7039D600CB175C /* Place.swift in Sources */ = {isa = PBXBuildFile; fileRef = E137CCC01F7039D600CB175C /* Place.swift */; };
		E137CD451F7039D600CB175C /* PlaceOrPostalAddressOrText.swift in Sources */ = {isa = PBXBuildFile; fileRef = E137CCC11F7039D600CB175C /* PlaceOrPostalAddressOrText.swift */; };
		E137CD461F7039D600CB175C /* PostalAddress.swift in Sources */ = {isa = PBXBuildFile; fileRef = E137CCC21F7039D600CB175C /* PostalAddress.swift */; };
		E137CD471F7039D600CB175C /* PostalAddressOrText.swift in Sources */ = {isa = PBXBuildFile; fileRef = E137CCC31F7039D600CB175C /* PostalAddressOrText.swift */; };
		E137CD481F7039D600CB175C /* PriceSpecification.swift in Sources */ = {isa = PBXBuildFile; fileRef = E137CCC41F7039D600CB175C /* PriceSpecification.swift */; };
		E137CD491F7039D600CB175C /* Product.swift in Sources */ = {isa = PBXBuildFile; fileRef = E137CCC51F7039D600CB175C /* Product.swift */; };
		E137CD4A1F7039D600CB175C /* ProductModel.swift in Sources */ = {isa = PBXBuildFile; fileRef = E137CCC61F7039D600CB175C /* ProductModel.swift */; };
		E137CD4B1F7039D600CB175C /* ProductModelOrText.swift in Sources */ = {isa = PBXBuildFile; fileRef = E137CCC71F7039D600CB175C /* ProductModelOrText.swift */; };
		E137CD4C1F7039D600CB175C /* ProductOrService.swift in Sources */ = {isa = PBXBuildFile; fileRef = E137CCC81F7039D600CB175C /* ProductOrService.swift */; };
		E137CD4D1F7039D600CB175C /* ProductOrText.swift in Sources */ = {isa = PBXBuildFile; fileRef = E137CCC91F7039D600CB175C /* ProductOrText.swift */; };
		E137CD4E1F7039D600CB175C /* ProductOrURLOrText.swift in Sources */ = {isa = PBXBuildFile; fileRef = E137CCCA1F7039D600CB175C /* ProductOrURLOrText.swift */; };
		E137CD4F1F7039D600CB175C /* ProgramMembership.swift in Sources */ = {isa = PBXBuildFile; fileRef = E137CCCB1F7039D600CB175C /* ProgramMembership.swift */; };
		E137CD501F7039D600CB175C /* PropertyValue.swift in Sources */ = {isa = PBXBuildFile; fileRef = E137CCCC1F7039D600CB175C /* PropertyValue.swift */; };
		E137CD511F7039D600CB175C /* PropertyValueOrText.swift in Sources */ = {isa = PBXBuildFile; fileRef = E137CCCD1F7039D600CB175C /* PropertyValueOrText.swift */; };
		E137CD521F7039D600CB175C /* PublicationEvent.swift in Sources */ = {isa = PBXBuildFile; fileRef = E137CCCE1F7039D600CB175C /* PublicationEvent.swift */; };
		E137CD531F7039D600CB175C /* QualitativeValue.swift in Sources */ = {isa = PBXBuildFile; fileRef = E137CCCF1F7039D600CB175C /* QualitativeValue.swift */; };
		E137CD541F7039D600CB175C /* QuantitativeValue.swift in Sources */ = {isa = PBXBuildFile; fileRef = E137CCD01F7039D600CB175C /* QuantitativeValue.swift */; };
		E137CD551F7039D600CB175C /* Quantity.swift in Sources */ = {isa = PBXBuildFile; fileRef = E137CCD11F7039D600CB175C /* Quantity.swift */; };
		E137CD561F7039D600CB175C /* Question.swift in Sources */ = {isa = PBXBuildFile; fileRef = E137CCD21F7039D600CB175C /* Question.swift */; };
		E137CD571F7039D600CB175C /* Rating.swift in Sources */ = {isa = PBXBuildFile; fileRef = E137CCD31F7039D600CB175C /* Rating.swift */; };
		E137CD581F7039D600CB175C /* Review.swift in Sources */ = {isa = PBXBuildFile; fileRef = E137CCD41F7039D600CB175C /* Review.swift */; };
		E137CD591F7039D600CB175C /* Service.swift in Sources */ = {isa = PBXBuildFile; fileRef = E137CCD51F7039D600CB175C /* Service.swift */; };
		E137CD5A1F7039D600CB175C /* ServiceChannel.swift in Sources */ = {isa = PBXBuildFile; fileRef = E137CCD61F7039D600CB175C /* ServiceChannel.swift */; };
		E137CD5B1F7039D600CB175C /* SoftwareApplication.swift in Sources */ = {isa = PBXBuildFile; fileRef = E137CCD71F7039D600CB175C /* SoftwareApplication.swift */; };
		E137CD5C1F7039D600CB175C /* SoftwareApplicationOrWebsite.swift in Sources */ = {isa = PBXBuildFile; fileRef = E137CCD81F7039D600CB175C /* SoftwareApplicationOrWebsite.swift */; };
		E137CD5D1F7039D600CB175C /* StructuredValue.swift in Sources */ = {isa = PBXBuildFile; fileRef = E137CCD91F7039D600CB175C /* StructuredValue.swift */; };
		E137CD5E1F7039D600CB175C /* ThingOrText.swift in Sources */ = {isa = PBXBuildFile; fileRef = E137CCDA1F7039D600CB175C /* ThingOrText.swift */; };
		E137CD5F1F7039D600CB175C /* URLOrText.swift in Sources */ = {isa = PBXBuildFile; fileRef = E137CCDB1F7039D600CB175C /* URLOrText.swift */; };
		E137CD601F7039D600CB175C /* Thing.swift in Sources */ = {isa = PBXBuildFile; fileRef = E137CCDC1F7039D600CB175C /* Thing.swift */; };
		E137CD611F7039D600CB175C /* Time.swift in Sources */ = {isa = PBXBuildFile; fileRef = E137CCDD1F7039D600CB175C /* Time.swift */; };
		E137CD621F7039D600CB175C /* Value.swift in Sources */ = {isa = PBXBuildFile; fileRef = E137CCDE1F7039D600CB175C /* Value.swift */; };
		E137CD631F7039D600CB175C /* ValueReference.swift in Sources */ = {isa = PBXBuildFile; fileRef = E137CCDF1F7039D600CB175C /* ValueReference.swift */; };
		E137CD641F7039D600CB175C /* VideoObject.swift in Sources */ = {isa = PBXBuildFile; fileRef = E137CCE01F7039D600CB175C /* VideoObject.swift */; };
		E137CD651F7039D600CB175C /* Website.swift in Sources */ = {isa = PBXBuildFile; fileRef = E137CCE11F7039D600CB175C /* Website.swift */; };
		E15286B31FA6591600A473A9 /* CreativeWorkOrEvent.swift in Sources */ = {isa = PBXBuildFile; fileRef = E15286B21FA6591600A473A9 /* CreativeWorkOrEvent.swift */; };
		E15286B51FA6642A00A473A9 /* Occupation.swift in Sources */ = {isa = PBXBuildFile; fileRef = E15286B41FA6642A00A473A9 /* Occupation.swift */; };
		E15286B71FA7575900A473A9 /* DataFeedItem.swift in Sources */ = {isa = PBXBuildFile; fileRef = E15286B61FA7575900A473A9 /* DataFeedItem.swift */; };
		E15286B91FA757F800A473A9 /* DataFeedItemOrThingOrText.swift in Sources */ = {isa = PBXBuildFile; fileRef = E15286B81FA757F800A473A9 /* DataFeedItemOrThingOrText.swift */; };
		E15286BB1FA758DC00A473A9 /* DataCatalog.swift in Sources */ = {isa = PBXBuildFile; fileRef = E15286BA1FA758DC00A473A9 /* DataCatalog.swift */; };
		E15286BD1FA7595D00A473A9 /* DataDownload.swift in Sources */ = {isa = PBXBuildFile; fileRef = E15286BC1FA7595D00A473A9 /* DataDownload.swift */; };
		E15286BF1FA75ABB00A473A9 /* ItemAvailability.swift in Sources */ = {isa = PBXBuildFile; fileRef = E15286BE1FA75ABB00A473A9 /* ItemAvailability.swift */; };
		E15286C11FA75B7F00A473A9 /* DeliveryMethod.swift in Sources */ = {isa = PBXBuildFile; fileRef = E15286C01FA75B7F00A473A9 /* DeliveryMethod.swift */; };
		E15286C31FA75C7D00A473A9 /* BusinessFunction.swift in Sources */ = {isa = PBXBuildFile; fileRef = E15286C21FA75C7D00A473A9 /* BusinessFunction.swift */; };
		E15286C51FA75D1000A473A9 /* BusinessEntityType.swift in Sources */ = {isa = PBXBuildFile; fileRef = E15286C41FA75D1000A473A9 /* BusinessEntityType.swift */; };
		E15286C71FA75DD300A473A9 /* GeoShapeOrPlaceOrText.swift in Sources */ = {isa = PBXBuildFile; fileRef = E15286C61FA75DD300A473A9 /* GeoShapeOrPlaceOrText.swift */; };
		E15286C91FA75EA400A473A9 /* TypeAndQuantityNode.swift in Sources */ = {isa = PBXBuildFile; fileRef = E15286C81FA75EA400A473A9 /* TypeAndQuantityNode.swift */; };
		E15286CB1FA7600A00A473A9 /* WarrantyScope.swift in Sources */ = {isa = PBXBuildFile; fileRef = E15286CA1FA7600A00A473A9 /* WarrantyScope.swift */; };
		E15286CD1FA7607300A473A9 /* WarrantyPromise.swift in Sources */ = {isa = PBXBuildFile; fileRef = E15286CC1FA7607300A473A9 /* WarrantyPromise.swift */; };
		E15286CF1FA762C100A473A9 /* MusicAlbumProduction.swift in Sources */ = {isa = PBXBuildFile; fileRef = E15286CE1FA762C100A473A9 /* MusicAlbumProduction.swift */; };
		E15286D11FA7643E00A473A9 /* MusicAlbumRelease.swift in Sources */ = {isa = PBXBuildFile; fileRef = E15286D01FA7643E00A473A9 /* MusicAlbumRelease.swift */; };
		E15286D31FA764AF00A473A9 /* MusicReleaseFormat.swift in Sources */ = {isa = PBXBuildFile; fileRef = E15286D21FA764AF00A473A9 /* MusicReleaseFormat.swift */; };
		E15286D51FA7651D00A473A9 /* MusicRelease.swift in Sources */ = {isa = PBXBuildFile; fileRef = E15286D41FA7651D00A473A9 /* MusicRelease.swift */; };
		E15286D71FA7669F00A473A9 /* MusicComposition.swift in Sources */ = {isa = PBXBuildFile; fileRef = E15286D61FA7669F00A473A9 /* MusicComposition.swift */; };
		E15286D91FA76AC800A473A9 /* PhysicalActivityCategory.swift in Sources */ = {isa = PBXBuildFile; fileRef = E15286D81FA76AC800A473A9 /* PhysicalActivityCategory.swift */; };
		E15286DB1FA76B4C00A473A9 /* PhysicalActivityCategoryOrThingOrText.swift in Sources */ = {isa = PBXBuildFile; fileRef = E15286DA1FA76B4C00A473A9 /* PhysicalActivityCategoryOrThingOrText.swift */; };
		E1659C9B1FE9BA1200ADEAD7 /* ThingTests.swift in Sources */ = {isa = PBXBuildFile; fileRef = E1659C9A1FE9BA1200ADEAD7 /* ThingTests.swift */; };
		F4682F296E507DF79C369F80 /* Pods_SOSwiftVocabularyTests.framework in Frameworks */ = {isa = PBXBuildFile; fileRef = 9980A6F2EE7B90EDD6F91F46 /* Pods_SOSwiftVocabularyTests.framework */; };
		FF7BE5B1191BADB53F256295 /* Pods_SOSwiftVocabulary.framework in Frameworks */ = {isa = PBXBuildFile; fileRef = 011D47F4109BB279F26065EF /* Pods_SOSwiftVocabulary.framework */; };
/* End PBXBuildFile section */

/* Begin PBXContainerItemProxy section */
		E137CAF11F7012DB00CB175C /* PBXContainerItemProxy */ = {
			isa = PBXContainerItemProxy;
			containerPortal = E137CADD1F7012DB00CB175C /* Project object */;
			proxyType = 1;
			remoteGlobalIDString = E137CAE51F7012DB00CB175C;
			remoteInfo = SOSwiftVocabulary;
		};
/* End PBXContainerItemProxy section */

/* Begin PBXFileReference section */
		011D47F4109BB279F26065EF /* Pods_SOSwiftVocabulary.framework */ = {isa = PBXFileReference; explicitFileType = wrapper.framework; includeInIndex = 0; path = Pods_SOSwiftVocabulary.framework; sourceTree = BUILT_PRODUCTS_DIR; };
		5331187105951F13518DD808 /* Pods-SOSwiftVocabulary.release.xcconfig */ = {isa = PBXFileReference; includeInIndex = 1; lastKnownFileType = text.xcconfig; name = "Pods-SOSwiftVocabulary.release.xcconfig"; path = "Pods/Target Support Files/Pods-SOSwiftVocabulary/Pods-SOSwiftVocabulary.release.xcconfig"; sourceTree = "<group>"; };
		9980A6F2EE7B90EDD6F91F46 /* Pods_SOSwiftVocabularyTests.framework */ = {isa = PBXFileReference; explicitFileType = wrapper.framework; includeInIndex = 0; path = Pods_SOSwiftVocabularyTests.framework; sourceTree = BUILT_PRODUCTS_DIR; };
		C8626E461C41FCB64C1D4D71 /* Pods-SOSwiftVocabulary.debug.xcconfig */ = {isa = PBXFileReference; includeInIndex = 1; lastKnownFileType = text.xcconfig; name = "Pods-SOSwiftVocabulary.debug.xcconfig"; path = "Pods/Target Support Files/Pods-SOSwiftVocabulary/Pods-SOSwiftVocabulary.debug.xcconfig"; sourceTree = "<group>"; };
		E137CAE61F7012DB00CB175C /* SOSwiftVocabulary.framework */ = {isa = PBXFileReference; explicitFileType = wrapper.framework; includeInIndex = 0; path = SOSwiftVocabulary.framework; sourceTree = BUILT_PRODUCTS_DIR; };
		E137CAE91F7012DB00CB175C /* SOSwiftVocabulary.h */ = {isa = PBXFileReference; lastKnownFileType = sourcecode.c.h; path = SOSwiftVocabulary.h; sourceTree = "<group>"; };
		E137CAEA1F7012DB00CB175C /* Info.plist */ = {isa = PBXFileReference; lastKnownFileType = text.plist.xml; path = Info.plist; sourceTree = "<group>"; };
		E137CAEF1F7012DB00CB175C /* SOSwiftVocabularyTests.xctest */ = {isa = PBXFileReference; explicitFileType = wrapper.cfbundle; includeInIndex = 0; path = SOSwiftVocabularyTests.xctest; sourceTree = BUILT_PRODUCTS_DIR; };
		E137CAF61F7012DB00CB175C /* Info.plist */ = {isa = PBXFileReference; lastKnownFileType = text.plist.xml; path = Info.plist; sourceTree = "<group>"; };
		E137CC5E1F7039D600CB175C /* AccessibilityAPI.swift */ = {isa = PBXFileReference; fileEncoding = 4; lastKnownFileType = sourcecode.swift; path = AccessibilityAPI.swift; sourceTree = "<group>"; };
		E137CC5F1F7039D600CB175C /* AccessibilityControl.swift */ = {isa = PBXFileReference; fileEncoding = 4; lastKnownFileType = sourcecode.swift; path = AccessibilityControl.swift; sourceTree = "<group>"; };
		E137CC601F7039D600CB175C /* AccessibilityFeature.swift */ = {isa = PBXFileReference; fileEncoding = 4; lastKnownFileType = sourcecode.swift; path = AccessibilityFeature.swift; sourceTree = "<group>"; };
		E137CC611F7039D600CB175C /* AccessibilityHazard.swift */ = {isa = PBXFileReference; fileEncoding = 4; lastKnownFileType = sourcecode.swift; path = AccessibilityHazard.swift; sourceTree = "<group>"; };
		E137CC621F7039D600CB175C /* AccessMode.swift */ = {isa = PBXFileReference; fileEncoding = 4; lastKnownFileType = sourcecode.swift; path = AccessMode.swift; sourceTree = "<group>"; };
		E137CC631F7039D600CB175C /* AccessModeSufficient.swift */ = {isa = PBXFileReference; fileEncoding = 4; lastKnownFileType = sourcecode.swift; path = AccessModeSufficient.swift; sourceTree = "<group>"; };
		E137CC641F7039D600CB175C /* Action.swift */ = {isa = PBXFileReference; fileEncoding = 4; lastKnownFileType = sourcecode.swift; path = Action.swift; sourceTree = "<group>"; };
		E137CC651F7039D600CB175C /* ActionStatus.swift */ = {isa = PBXFileReference; fileEncoding = 4; lastKnownFileType = sourcecode.swift; path = ActionStatus.swift; sourceTree = "<group>"; };
		E137CC661F7039D600CB175C /* AdministrativeArea.swift */ = {isa = PBXFileReference; fileEncoding = 4; lastKnownFileType = sourcecode.swift; path = AdministrativeArea.swift; sourceTree = "<group>"; };
		E137CC671F7039D600CB175C /* AggregateRating.swift */ = {isa = PBXFileReference; fileEncoding = 4; lastKnownFileType = sourcecode.swift; path = AggregateRating.swift; sourceTree = "<group>"; };
		E137CC681F7039D600CB175C /* AlignmentObject.swift */ = {isa = PBXFileReference; fileEncoding = 4; lastKnownFileType = sourcecode.swift; path = AlignmentObject.swift; sourceTree = "<group>"; };
		E137CC691F7039D600CB175C /* AlignmentObjectOrCourseOrText.swift */ = {isa = PBXFileReference; fileEncoding = 4; lastKnownFileType = sourcecode.swift; path = AlignmentObjectOrCourseOrText.swift; sourceTree = "<group>"; };
		E137CC6A1F7039D600CB175C /* Answer.swift */ = {isa = PBXFileReference; fileEncoding = 4; lastKnownFileType = sourcecode.swift; path = Answer.swift; sourceTree = "<group>"; };
		E137CC6B1F7039D600CB175C /* AreaServed.swift */ = {isa = PBXFileReference; fileEncoding = 4; lastKnownFileType = sourcecode.swift; path = AreaServed.swift; sourceTree = "<group>"; };
		E137CC6C1F7039D600CB175C /* Article.swift */ = {isa = PBXFileReference; fileEncoding = 4; lastKnownFileType = sourcecode.swift; path = Article.swift; sourceTree = "<group>"; };
		E137CC6D1F7039D600CB175C /* Audience.swift */ = {isa = PBXFileReference; fileEncoding = 4; lastKnownFileType = sourcecode.swift; path = Audience.swift; sourceTree = "<group>"; };
		E137CC6E1F7039D600CB175C /* AudioObject.swift */ = {isa = PBXFileReference; fileEncoding = 4; lastKnownFileType = sourcecode.swift; path = AudioObject.swift; sourceTree = "<group>"; };
		E137CC6F1F7039D600CB175C /* Brand.swift */ = {isa = PBXFileReference; fileEncoding = 4; lastKnownFileType = sourcecode.swift; path = Brand.swift; sourceTree = "<group>"; };
		E137CC701F7039D600CB175C /* BrandOrOrganization.swift */ = {isa = PBXFileReference; fileEncoding = 4; lastKnownFileType = sourcecode.swift; path = BrandOrOrganization.swift; sourceTree = "<group>"; };
		E137CC711F7039D600CB175C /* BroadcastService.swift */ = {isa = PBXFileReference; fileEncoding = 4; lastKnownFileType = sourcecode.swift; path = BroadcastService.swift; sourceTree = "<group>"; };
		E137CC721F7039D600CB175C /* Comment.swift */ = {isa = PBXFileReference; fileEncoding = 4; lastKnownFileType = sourcecode.swift; path = Comment.swift; sourceTree = "<group>"; };
		E137CC731F7039D600CB175C /* ContactPoint.swift */ = {isa = PBXFileReference; fileEncoding = 4; lastKnownFileType = sourcecode.swift; path = ContactPoint.swift; sourceTree = "<group>"; };
		E137CC741F7039D600CB175C /* ContactPointOption.swift */ = {isa = PBXFileReference; fileEncoding = 4; lastKnownFileType = sourcecode.swift; path = ContactPointOption.swift; sourceTree = "<group>"; };
		E137CC751F7039D600CB175C /* ContactPointOrPlace.swift */ = {isa = PBXFileReference; fileEncoding = 4; lastKnownFileType = sourcecode.swift; path = ContactPointOrPlace.swift; sourceTree = "<group>"; };
		E137CC761F7039D600CB175C /* Country.swift */ = {isa = PBXFileReference; fileEncoding = 4; lastKnownFileType = sourcecode.swift; path = Country.swift; sourceTree = "<group>"; };
		E137CC771F7039D600CB175C /* CountryOrText.swift */ = {isa = PBXFileReference; fileEncoding = 4; lastKnownFileType = sourcecode.swift; path = CountryOrText.swift; sourceTree = "<group>"; };
		E137CC781F7039D600CB175C /* Course.swift */ = {isa = PBXFileReference; fileEncoding = 4; lastKnownFileType = sourcecode.swift; path = Course.swift; sourceTree = "<group>"; };
		E137CC791F7039D600CB175C /* CourseInstance.swift */ = {isa = PBXFileReference; fileEncoding = 4; lastKnownFileType = sourcecode.swift; path = CourseInstance.swift; sourceTree = "<group>"; };
		E137CC7A1F7039D600CB175C /* CreativeWork.swift */ = {isa = PBXFileReference; fileEncoding = 4; lastKnownFileType = sourcecode.swift; path = CreativeWork.swift; sourceTree = "<group>"; };
		E137CC7B1F7039D600CB175C /* CreativeWorkOrProductOrURL.swift */ = {isa = PBXFileReference; fileEncoding = 4; lastKnownFileType = sourcecode.swift; path = CreativeWorkOrProductOrURL.swift; sourceTree = "<group>"; };
		E137CC7C1F7039D600CB175C /* CreativeWorkOrText.swift */ = {isa = PBXFileReference; fileEncoding = 4; lastKnownFileType = sourcecode.swift; path = CreativeWorkOrText.swift; sourceTree = "<group>"; };
		E137CC7D1F7039D600CB175C /* CreativeWorkOrURL.swift */ = {isa = PBXFileReference; fileEncoding = 4; lastKnownFileType = sourcecode.swift; path = CreativeWorkOrURL.swift; sourceTree = "<group>"; };
		E137CC7E1F7039D600CB175C /* DataFeed.swift */ = {isa = PBXFileReference; fileEncoding = 4; lastKnownFileType = sourcecode.swift; path = DataFeed.swift; sourceTree = "<group>"; };
		E137CC7F1F7039D600CB175C /* Dataset.swift */ = {isa = PBXFileReference; fileEncoding = 4; lastKnownFileType = sourcecode.swift; path = Dataset.swift; sourceTree = "<group>"; };
		E137CC801F7039D600CB175C /* DateOnly.swift */ = {isa = PBXFileReference; fileEncoding = 4; lastKnownFileType = sourcecode.swift; path = DateOnly.swift; sourceTree = "<group>"; };
		E137CC811F7039D600CB175C /* DateOnlyOrDateTime.swift */ = {isa = PBXFileReference; fileEncoding = 4; lastKnownFileType = sourcecode.swift; path = DateOnlyOrDateTime.swift; sourceTree = "<group>"; };
		E137CC821F7039D600CB175C /* DateTime.swift */ = {isa = PBXFileReference; fileEncoding = 4; lastKnownFileType = sourcecode.swift; path = DateTime.swift; sourceTree = "<group>"; };
		E137CC831F7039D600CB175C /* DateTimeOrURLOrText.swift */ = {isa = PBXFileReference; fileEncoding = 4; lastKnownFileType = sourcecode.swift; path = DateTimeOrURLOrText.swift; sourceTree = "<group>"; };
		E137CC841F7039D600CB175C /* DayOfWeek.swift */ = {isa = PBXFileReference; fileEncoding = 4; lastKnownFileType = sourcecode.swift; path = DayOfWeek.swift; sourceTree = "<group>"; };
		E137CC851F7039D600CB175C /* Demand.swift */ = {isa = PBXFileReference; fileEncoding = 4; lastKnownFileType = sourcecode.swift; path = Demand.swift; sourceTree = "<group>"; };
		E137CC861F7039D600CB175C /* Distance.swift */ = {isa = PBXFileReference; fileEncoding = 4; lastKnownFileType = sourcecode.swift; path = Distance.swift; sourceTree = "<group>"; };
		E137CC871F7039D600CB175C /* DistanceOrQuantitativeValue.swift */ = {isa = PBXFileReference; fileEncoding = 4; lastKnownFileType = sourcecode.swift; path = DistanceOrQuantitativeValue.swift; sourceTree = "<group>"; };
		E137CC881F7039D600CB175C /* Duration.swift */ = {isa = PBXFileReference; fileEncoding = 4; lastKnownFileType = sourcecode.swift; path = Duration.swift; sourceTree = "<group>"; };
		E137CC891F7039D600CB175C /* EducationalOrganization.swift */ = {isa = PBXFileReference; fileEncoding = 4; lastKnownFileType = sourcecode.swift; path = EducationalOrganization.swift; sourceTree = "<group>"; };
		E137CC8A1F7039D600CB175C /* EducationalOrganizationOrOrganization.swift */ = {isa = PBXFileReference; fileEncoding = 4; lastKnownFileType = sourcecode.swift; path = EducationalOrganizationOrOrganization.swift; sourceTree = "<group>"; };
		E137CC8B1F7039D600CB175C /* EntryPoint.swift */ = {isa = PBXFileReference; fileEncoding = 4; lastKnownFileType = sourcecode.swift; path = EntryPoint.swift; sourceTree = "<group>"; };
		E137CC8C1F7039D600CB175C /* Enumeration.swift */ = {isa = PBXFileReference; fileEncoding = 4; lastKnownFileType = sourcecode.swift; path = Enumeration.swift; sourceTree = "<group>"; };
		E137CC8D1F7039D600CB175C /* Event.swift */ = {isa = PBXFileReference; fileEncoding = 4; lastKnownFileType = sourcecode.swift; path = Event.swift; sourceTree = "<group>"; };
		E137CC8E1F7039D600CB175C /* EventStatus.swift */ = {isa = PBXFileReference; fileEncoding = 4; lastKnownFileType = sourcecode.swift; path = EventStatus.swift; sourceTree = "<group>"; };
		E137CC8F1F7039D600CB175C /* Gender.swift */ = {isa = PBXFileReference; fileEncoding = 4; lastKnownFileType = sourcecode.swift; path = Gender.swift; sourceTree = "<group>"; };
		E137CC901F7039D600CB175C /* GenderOrText.swift */ = {isa = PBXFileReference; fileEncoding = 4; lastKnownFileType = sourcecode.swift; path = GenderOrText.swift; sourceTree = "<group>"; };
		E137CC911F7039D600CB175C /* GeoCoordinates.swift */ = {isa = PBXFileReference; fileEncoding = 4; lastKnownFileType = sourcecode.swift; path = GeoCoordinates.swift; sourceTree = "<group>"; };
		E137CC921F7039D600CB175C /* GeoCoordinatesOrGeoShape.swift */ = {isa = PBXFileReference; fileEncoding = 4; lastKnownFileType = sourcecode.swift; path = GeoCoordinatesOrGeoShape.swift; sourceTree = "<group>"; };
		E137CC931F7039D600CB175C /* GeoShape.swift */ = {isa = PBXFileReference; fileEncoding = 4; lastKnownFileType = sourcecode.swift; path = GeoShape.swift; sourceTree = "<group>"; };
		E137CC941F7039D600CB175C /* Identifier.swift */ = {isa = PBXFileReference; fileEncoding = 4; lastKnownFileType = sourcecode.swift; path = Identifier.swift; sourceTree = "<group>"; };
		E137CC951F7039D600CB175C /* ImageObject.swift */ = {isa = PBXFileReference; fileEncoding = 4; lastKnownFileType = sourcecode.swift; path = ImageObject.swift; sourceTree = "<group>"; };
		E137CC961F7039D600CB175C /* ImageObjectOrPhotograph.swift */ = {isa = PBXFileReference; fileEncoding = 4; lastKnownFileType = sourcecode.swift; path = ImageObjectOrPhotograph.swift; sourceTree = "<group>"; };
		E137CC971F7039D600CB175C /* ImageObjectOrURL.swift */ = {isa = PBXFileReference; fileEncoding = 4; lastKnownFileType = sourcecode.swift; path = ImageObjectOrURL.swift; sourceTree = "<group>"; };
		E137CC981F7039D600CB175C /* Intangible.swift */ = {isa = PBXFileReference; fileEncoding = 4; lastKnownFileType = sourcecode.swift; path = Intangible.swift; sourceTree = "<group>"; };
		E137CC991F7039D600CB175C /* IntegerOrText.swift */ = {isa = PBXFileReference; fileEncoding = 4; lastKnownFileType = sourcecode.swift; path = IntegerOrText.swift; sourceTree = "<group>"; };
		E137CC9A1F7039D600CB175C /* InteractionCounter.swift */ = {isa = PBXFileReference; fileEncoding = 4; lastKnownFileType = sourcecode.swift; path = InteractionCounter.swift; sourceTree = "<group>"; };
		E137CC9B1F7039D600CB175C /* Interactivity.swift */ = {isa = PBXFileReference; fileEncoding = 4; lastKnownFileType = sourcecode.swift; path = Interactivity.swift; sourceTree = "<group>"; };
		E137CC9C1F7039D600CB175C /* ItemList.swift */ = {isa = PBXFileReference; fileEncoding = 4; lastKnownFileType = sourcecode.swift; path = ItemList.swift; sourceTree = "<group>"; };
		E137CC9D1F7039D600CB175C /* ItemListOrder.swift */ = {isa = PBXFileReference; fileEncoding = 4; lastKnownFileType = sourcecode.swift; path = ItemListOrder.swift; sourceTree = "<group>"; };
		E137CC9E1F7039D600CB175C /* ItemListOrderOrText.swift */ = {isa = PBXFileReference; fileEncoding = 4; lastKnownFileType = sourcecode.swift; path = ItemListOrderOrText.swift; sourceTree = "<group>"; };
		E137CC9F1F7039D600CB175C /* ItemListOrMusicRecording.swift */ = {isa = PBXFileReference; fileEncoding = 4; lastKnownFileType = sourcecode.swift; path = ItemListOrMusicRecording.swift; sourceTree = "<group>"; };
		E137CCA01F7039D600CB175C /* Language.swift */ = {isa = PBXFileReference; fileEncoding = 4; lastKnownFileType = sourcecode.swift; path = Language.swift; sourceTree = "<group>"; };
		E137CCA11F7039D600CB175C /* LanguageOrText.swift */ = {isa = PBXFileReference; fileEncoding = 4; lastKnownFileType = sourcecode.swift; path = LanguageOrText.swift; sourceTree = "<group>"; };
		E137CCA21F7039D600CB175C /* ListItem.swift */ = {isa = PBXFileReference; fileEncoding = 4; lastKnownFileType = sourcecode.swift; path = ListItem.swift; sourceTree = "<group>"; };
		E137CCA31F7039D600CB175C /* ListItemOrThingOrText.swift */ = {isa = PBXFileReference; fileEncoding = 4; lastKnownFileType = sourcecode.swift; path = ListItemOrThingOrText.swift; sourceTree = "<group>"; };
		E137CCA41F7039D600CB175C /* LocationFeatureSpecification.swift */ = {isa = PBXFileReference; fileEncoding = 4; lastKnownFileType = sourcecode.swift; path = LocationFeatureSpecification.swift; sourceTree = "<group>"; };
		E137CCA51F7039D600CB175C /* Map.swift */ = {isa = PBXFileReference; fileEncoding = 4; lastKnownFileType = sourcecode.swift; path = Map.swift; sourceTree = "<group>"; };
		E137CCA61F7039D600CB175C /* MapOrURL.swift */ = {isa = PBXFileReference; fileEncoding = 4; lastKnownFileType = sourcecode.swift; path = MapOrURL.swift; sourceTree = "<group>"; };
		E137CCA71F7039D600CB175C /* MapType.swift */ = {isa = PBXFileReference; fileEncoding = 4; lastKnownFileType = sourcecode.swift; path = MapType.swift; sourceTree = "<group>"; };
		E137CCA81F7039D600CB175C /* MediaObject.swift */ = {isa = PBXFileReference; fileEncoding = 4; lastKnownFileType = sourcecode.swift; path = MediaObject.swift; sourceTree = "<group>"; };
		E137CCA91F7039D600CB175C /* MonetaryAmount.swift */ = {isa = PBXFileReference; fileEncoding = 4; lastKnownFileType = sourcecode.swift; path = MonetaryAmount.swift; sourceTree = "<group>"; };
		E137CCAA1F7039D600CB175C /* MonetaryAmountOrPriceSpecification.swift */ = {isa = PBXFileReference; fileEncoding = 4; lastKnownFileType = sourcecode.swift; path = MonetaryAmountOrPriceSpecification.swift; sourceTree = "<group>"; };
		E137CCAB1F7039D600CB175C /* MusicAlbum.swift */ = {isa = PBXFileReference; fileEncoding = 4; lastKnownFileType = sourcecode.swift; path = MusicAlbum.swift; sourceTree = "<group>"; };
		E137CCAC1F7039D600CB175C /* MusicGroup.swift */ = {isa = PBXFileReference; fileEncoding = 4; lastKnownFileType = sourcecode.swift; path = MusicGroup.swift; sourceTree = "<group>"; };
		E137CCAD1F7039D600CB175C /* MusicGroupOrPerson.swift */ = {isa = PBXFileReference; fileEncoding = 4; lastKnownFileType = sourcecode.swift; path = MusicGroupOrPerson.swift; sourceTree = "<group>"; };
		E137CCAE1F7039D600CB175C /* MusicPlaylist.swift */ = {isa = PBXFileReference; fileEncoding = 4; lastKnownFileType = sourcecode.swift; path = MusicPlaylist.swift; sourceTree = "<group>"; };
		E137CCAF1F7039D600CB175C /* MusicRecording.swift */ = {isa = PBXFileReference; fileEncoding = 4; lastKnownFileType = sourcecode.swift; path = MusicRecording.swift; sourceTree = "<group>"; };
		E137CCB01F7039D600CB175C /* NewsArticle.swift */ = {isa = PBXFileReference; fileEncoding = 4; lastKnownFileType = sourcecode.swift; path = NewsArticle.swift; sourceTree = "<group>"; };
		E137CCB11F7039D600CB175C /* Number.swift */ = {isa = PBXFileReference; fileEncoding = 4; lastKnownFileType = sourcecode.swift; path = Number.swift; sourceTree = "<group>"; };
		E137CCB21F7039D600CB175C /* NumberOrText.swift */ = {isa = PBXFileReference; fileEncoding = 4; lastKnownFileType = sourcecode.swift; path = NumberOrText.swift; sourceTree = "<group>"; };
		E137CCB31F7039D600CB175C /* Offer.swift */ = {isa = PBXFileReference; fileEncoding = 4; lastKnownFileType = sourcecode.swift; path = Offer.swift; sourceTree = "<group>"; };
		E137CCB41F7039D600CB175C /* OfferCatalog.swift */ = {isa = PBXFileReference; fileEncoding = 4; lastKnownFileType = sourcecode.swift; path = OfferCatalog.swift; sourceTree = "<group>"; };
		E137CCB51F7039D600CB175C /* OfferItemCondition.swift */ = {isa = PBXFileReference; fileEncoding = 4; lastKnownFileType = sourcecode.swift; path = OfferItemCondition.swift; sourceTree = "<group>"; };
		E137CCB61F7039D600CB175C /* OpeningHoursSpecification.swift */ = {isa = PBXFileReference; fileEncoding = 4; lastKnownFileType = sourcecode.swift; path = OpeningHoursSpecification.swift; sourceTree = "<group>"; };
		E137CCB71F7039D600CB175C /* Organization.swift */ = {isa = PBXFileReference; fileEncoding = 4; lastKnownFileType = sourcecode.swift; path = Organization.swift; sourceTree = "<group>"; };
		E137CCB81F7039D600CB175C /* OrganizationOrPerson.swift */ = {isa = PBXFileReference; fileEncoding = 4; lastKnownFileType = sourcecode.swift; path = OrganizationOrPerson.swift; sourceTree = "<group>"; };
		E137CCB91F7039D600CB175C /* OrganizationOrProgramMembership.swift */ = {isa = PBXFileReference; fileEncoding = 4; lastKnownFileType = sourcecode.swift; path = OrganizationOrProgramMembership.swift; sourceTree = "<group>"; };
		E137CCBA1F7039D600CB175C /* OwnershipInfo.swift */ = {isa = PBXFileReference; fileEncoding = 4; lastKnownFileType = sourcecode.swift; path = OwnershipInfo.swift; sourceTree = "<group>"; };
		E137CCBB1F7039D600CB175C /* OwnershipInfoOrProduct.swift */ = {isa = PBXFileReference; fileEncoding = 4; lastKnownFileType = sourcecode.swift; path = OwnershipInfoOrProduct.swift; sourceTree = "<group>"; };
		E137CCBC1F7039D600CB175C /* PerformingGroup.swift */ = {isa = PBXFileReference; fileEncoding = 4; lastKnownFileType = sourcecode.swift; path = PerformingGroup.swift; sourceTree = "<group>"; };
		E137CCBD1F7039D600CB175C /* Person.swift */ = {isa = PBXFileReference; fileEncoding = 4; lastKnownFileType = sourcecode.swift; path = Person.swift; sourceTree = "<group>"; };
		E137CCBE1F7039D600CB175C /* PersonOrURL.swift */ = {isa = PBXFileReference; fileEncoding = 4; lastKnownFileType = sourcecode.swift; path = PersonOrURL.swift; sourceTree = "<group>"; };
		E137CCBF1F7039D600CB175C /* Photograph.swift */ = {isa = PBXFileReference; fileEncoding = 4; lastKnownFileType = sourcecode.swift; path = Photograph.swift; sourceTree = "<group>"; };
		E137CCC01F7039D600CB175C /* Place.swift */ = {isa = PBXFileReference; fileEncoding = 4; lastKnownFileType = sourcecode.swift; path = Place.swift; sourceTree = "<group>"; };
		E137CCC11F7039D600CB175C /* PlaceOrPostalAddressOrText.swift */ = {isa = PBXFileReference; fileEncoding = 4; lastKnownFileType = sourcecode.swift; path = PlaceOrPostalAddressOrText.swift; sourceTree = "<group>"; };
		E137CCC21F7039D600CB175C /* PostalAddress.swift */ = {isa = PBXFileReference; fileEncoding = 4; lastKnownFileType = sourcecode.swift; path = PostalAddress.swift; sourceTree = "<group>"; };
		E137CCC31F7039D600CB175C /* PostalAddressOrText.swift */ = {isa = PBXFileReference; fileEncoding = 4; lastKnownFileType = sourcecode.swift; path = PostalAddressOrText.swift; sourceTree = "<group>"; };
		E137CCC41F7039D600CB175C /* PriceSpecification.swift */ = {isa = PBXFileReference; fileEncoding = 4; lastKnownFileType = sourcecode.swift; path = PriceSpecification.swift; sourceTree = "<group>"; };
		E137CCC51F7039D600CB175C /* Product.swift */ = {isa = PBXFileReference; fileEncoding = 4; lastKnownFileType = sourcecode.swift; path = Product.swift; sourceTree = "<group>"; };
		E137CCC61F7039D600CB175C /* ProductModel.swift */ = {isa = PBXFileReference; fileEncoding = 4; lastKnownFileType = sourcecode.swift; path = ProductModel.swift; sourceTree = "<group>"; };
		E137CCC71F7039D600CB175C /* ProductModelOrText.swift */ = {isa = PBXFileReference; fileEncoding = 4; lastKnownFileType = sourcecode.swift; path = ProductModelOrText.swift; sourceTree = "<group>"; };
		E137CCC81F7039D600CB175C /* ProductOrService.swift */ = {isa = PBXFileReference; fileEncoding = 4; lastKnownFileType = sourcecode.swift; path = ProductOrService.swift; sourceTree = "<group>"; };
		E137CCC91F7039D600CB175C /* ProductOrText.swift */ = {isa = PBXFileReference; fileEncoding = 4; lastKnownFileType = sourcecode.swift; path = ProductOrText.swift; sourceTree = "<group>"; };
		E137CCCA1F7039D600CB175C /* ProductOrURLOrText.swift */ = {isa = PBXFileReference; fileEncoding = 4; lastKnownFileType = sourcecode.swift; path = ProductOrURLOrText.swift; sourceTree = "<group>"; };
		E137CCCB1F7039D600CB175C /* ProgramMembership.swift */ = {isa = PBXFileReference; fileEncoding = 4; lastKnownFileType = sourcecode.swift; path = ProgramMembership.swift; sourceTree = "<group>"; };
		E137CCCC1F7039D600CB175C /* PropertyValue.swift */ = {isa = PBXFileReference; fileEncoding = 4; lastKnownFileType = sourcecode.swift; path = PropertyValue.swift; sourceTree = "<group>"; };
		E137CCCD1F7039D600CB175C /* PropertyValueOrText.swift */ = {isa = PBXFileReference; fileEncoding = 4; lastKnownFileType = sourcecode.swift; path = PropertyValueOrText.swift; sourceTree = "<group>"; };
		E137CCCE1F7039D600CB175C /* PublicationEvent.swift */ = {isa = PBXFileReference; fileEncoding = 4; lastKnownFileType = sourcecode.swift; path = PublicationEvent.swift; sourceTree = "<group>"; };
		E137CCCF1F7039D600CB175C /* QualitativeValue.swift */ = {isa = PBXFileReference; fileEncoding = 4; lastKnownFileType = sourcecode.swift; path = QualitativeValue.swift; sourceTree = "<group>"; };
		E137CCD01F7039D600CB175C /* QuantitativeValue.swift */ = {isa = PBXFileReference; fileEncoding = 4; lastKnownFileType = sourcecode.swift; path = QuantitativeValue.swift; sourceTree = "<group>"; };
		E137CCD11F7039D600CB175C /* Quantity.swift */ = {isa = PBXFileReference; fileEncoding = 4; lastKnownFileType = sourcecode.swift; path = Quantity.swift; sourceTree = "<group>"; };
		E137CCD21F7039D600CB175C /* Question.swift */ = {isa = PBXFileReference; fileEncoding = 4; lastKnownFileType = sourcecode.swift; path = Question.swift; sourceTree = "<group>"; };
		E137CCD31F7039D600CB175C /* Rating.swift */ = {isa = PBXFileReference; fileEncoding = 4; lastKnownFileType = sourcecode.swift; path = Rating.swift; sourceTree = "<group>"; };
		E137CCD41F7039D600CB175C /* Review.swift */ = {isa = PBXFileReference; fileEncoding = 4; lastKnownFileType = sourcecode.swift; path = Review.swift; sourceTree = "<group>"; };
		E137CCD51F7039D600CB175C /* Service.swift */ = {isa = PBXFileReference; fileEncoding = 4; lastKnownFileType = sourcecode.swift; path = Service.swift; sourceTree = "<group>"; };
		E137CCD61F7039D600CB175C /* ServiceChannel.swift */ = {isa = PBXFileReference; fileEncoding = 4; lastKnownFileType = sourcecode.swift; path = ServiceChannel.swift; sourceTree = "<group>"; };
		E137CCD71F7039D600CB175C /* SoftwareApplication.swift */ = {isa = PBXFileReference; fileEncoding = 4; lastKnownFileType = sourcecode.swift; path = SoftwareApplication.swift; sourceTree = "<group>"; };
		E137CCD81F7039D600CB175C /* SoftwareApplicationOrWebsite.swift */ = {isa = PBXFileReference; fileEncoding = 4; lastKnownFileType = sourcecode.swift; path = SoftwareApplicationOrWebsite.swift; sourceTree = "<group>"; };
		E137CCD91F7039D600CB175C /* StructuredValue.swift */ = {isa = PBXFileReference; fileEncoding = 4; lastKnownFileType = sourcecode.swift; path = StructuredValue.swift; sourceTree = "<group>"; };
		E137CCDA1F7039D600CB175C /* ThingOrText.swift */ = {isa = PBXFileReference; fileEncoding = 4; lastKnownFileType = sourcecode.swift; path = ThingOrText.swift; sourceTree = "<group>"; };
		E137CCDB1F7039D600CB175C /* URLOrText.swift */ = {isa = PBXFileReference; fileEncoding = 4; lastKnownFileType = sourcecode.swift; path = URLOrText.swift; sourceTree = "<group>"; };
		E137CCDC1F7039D600CB175C /* Thing.swift */ = {isa = PBXFileReference; fileEncoding = 4; lastKnownFileType = sourcecode.swift; path = Thing.swift; sourceTree = "<group>"; };
		E137CCDD1F7039D600CB175C /* Time.swift */ = {isa = PBXFileReference; fileEncoding = 4; lastKnownFileType = sourcecode.swift; path = Time.swift; sourceTree = "<group>"; };
		E137CCDE1F7039D600CB175C /* Value.swift */ = {isa = PBXFileReference; fileEncoding = 4; lastKnownFileType = sourcecode.swift; path = Value.swift; sourceTree = "<group>"; };
		E137CCDF1F7039D600CB175C /* ValueReference.swift */ = {isa = PBXFileReference; fileEncoding = 4; lastKnownFileType = sourcecode.swift; path = ValueReference.swift; sourceTree = "<group>"; };
		E137CCE01F7039D600CB175C /* VideoObject.swift */ = {isa = PBXFileReference; fileEncoding = 4; lastKnownFileType = sourcecode.swift; path = VideoObject.swift; sourceTree = "<group>"; };
		E137CCE11F7039D600CB175C /* Website.swift */ = {isa = PBXFileReference; fileEncoding = 4; lastKnownFileType = sourcecode.swift; path = Website.swift; sourceTree = "<group>"; };
		E15286B21FA6591600A473A9 /* CreativeWorkOrEvent.swift */ = {isa = PBXFileReference; lastKnownFileType = sourcecode.swift; path = CreativeWorkOrEvent.swift; sourceTree = "<group>"; };
		E15286B41FA6642A00A473A9 /* Occupation.swift */ = {isa = PBXFileReference; lastKnownFileType = sourcecode.swift; path = Occupation.swift; sourceTree = "<group>"; };
		E15286B61FA7575900A473A9 /* DataFeedItem.swift */ = {isa = PBXFileReference; lastKnownFileType = sourcecode.swift; path = DataFeedItem.swift; sourceTree = "<group>"; };
		E15286B81FA757F800A473A9 /* DataFeedItemOrThingOrText.swift */ = {isa = PBXFileReference; lastKnownFileType = sourcecode.swift; path = DataFeedItemOrThingOrText.swift; sourceTree = "<group>"; };
		E15286BA1FA758DC00A473A9 /* DataCatalog.swift */ = {isa = PBXFileReference; lastKnownFileType = sourcecode.swift; path = DataCatalog.swift; sourceTree = "<group>"; };
		E15286BC1FA7595D00A473A9 /* DataDownload.swift */ = {isa = PBXFileReference; lastKnownFileType = sourcecode.swift; path = DataDownload.swift; sourceTree = "<group>"; };
		E15286BE1FA75ABB00A473A9 /* ItemAvailability.swift */ = {isa = PBXFileReference; lastKnownFileType = sourcecode.swift; path = ItemAvailability.swift; sourceTree = "<group>"; };
		E15286C01FA75B7F00A473A9 /* DeliveryMethod.swift */ = {isa = PBXFileReference; lastKnownFileType = sourcecode.swift; path = DeliveryMethod.swift; sourceTree = "<group>"; };
		E15286C21FA75C7D00A473A9 /* BusinessFunction.swift */ = {isa = PBXFileReference; lastKnownFileType = sourcecode.swift; path = BusinessFunction.swift; sourceTree = "<group>"; };
		E15286C41FA75D1000A473A9 /* BusinessEntityType.swift */ = {isa = PBXFileReference; lastKnownFileType = sourcecode.swift; path = BusinessEntityType.swift; sourceTree = "<group>"; };
		E15286C61FA75DD300A473A9 /* GeoShapeOrPlaceOrText.swift */ = {isa = PBXFileReference; lastKnownFileType = sourcecode.swift; path = GeoShapeOrPlaceOrText.swift; sourceTree = "<group>"; };
		E15286C81FA75EA400A473A9 /* TypeAndQuantityNode.swift */ = {isa = PBXFileReference; lastKnownFileType = sourcecode.swift; path = TypeAndQuantityNode.swift; sourceTree = "<group>"; };
		E15286CA1FA7600A00A473A9 /* WarrantyScope.swift */ = {isa = PBXFileReference; lastKnownFileType = sourcecode.swift; path = WarrantyScope.swift; sourceTree = "<group>"; };
		E15286CC1FA7607300A473A9 /* WarrantyPromise.swift */ = {isa = PBXFileReference; lastKnownFileType = sourcecode.swift; path = WarrantyPromise.swift; sourceTree = "<group>"; };
		E15286CE1FA762C100A473A9 /* MusicAlbumProduction.swift */ = {isa = PBXFileReference; lastKnownFileType = sourcecode.swift; path = MusicAlbumProduction.swift; sourceTree = "<group>"; };
		E15286D01FA7643E00A473A9 /* MusicAlbumRelease.swift */ = {isa = PBXFileReference; lastKnownFileType = sourcecode.swift; path = MusicAlbumRelease.swift; sourceTree = "<group>"; };
		E15286D21FA764AF00A473A9 /* MusicReleaseFormat.swift */ = {isa = PBXFileReference; lastKnownFileType = sourcecode.swift; path = MusicReleaseFormat.swift; sourceTree = "<group>"; };
		E15286D41FA7651D00A473A9 /* MusicRelease.swift */ = {isa = PBXFileReference; lastKnownFileType = sourcecode.swift; path = MusicRelease.swift; sourceTree = "<group>"; };
		E15286D61FA7669F00A473A9 /* MusicComposition.swift */ = {isa = PBXFileReference; lastKnownFileType = sourcecode.swift; path = MusicComposition.swift; sourceTree = "<group>"; };
		E15286D81FA76AC800A473A9 /* PhysicalActivityCategory.swift */ = {isa = PBXFileReference; lastKnownFileType = sourcecode.swift; path = PhysicalActivityCategory.swift; sourceTree = "<group>"; };
		E15286DA1FA76B4C00A473A9 /* PhysicalActivityCategoryOrThingOrText.swift */ = {isa = PBXFileReference; lastKnownFileType = sourcecode.swift; path = PhysicalActivityCategoryOrThingOrText.swift; sourceTree = "<group>"; };
		E15286DC1FA7CEE500A473A9 /* README.md */ = {isa = PBXFileReference; fileEncoding = 4; lastKnownFileType = net.daringfireball.markdown; path = README.md; sourceTree = "<group>"; };
		E1659C971FE9B98A00ADEAD7 /* LinuxMain.swift */ = {isa = PBXFileReference; lastKnownFileType = sourcecode.swift; path = LinuxMain.swift; sourceTree = "<group>"; };
		E1659C9A1FE9BA1200ADEAD7 /* ThingTests.swift */ = {isa = PBXFileReference; lastKnownFileType = sourcecode.swift; path = ThingTests.swift; sourceTree = "<group>"; };
		E16CE8142B936E045C759FF5 /* Pods-SOSwiftVocabularyTests.debug.xcconfig */ = {isa = PBXFileReference; includeInIndex = 1; lastKnownFileType = text.xcconfig; name = "Pods-SOSwiftVocabularyTests.debug.xcconfig"; path = "Pods/Target Support Files/Pods-SOSwiftVocabularyTests/Pods-SOSwiftVocabularyTests.debug.xcconfig"; sourceTree = "<group>"; };
		E1EA1D5A1FDD770700DABEA9 /* SOSwiftVocabulary.podspec */ = {isa = PBXFileReference; fileEncoding = 4; lastKnownFileType = text; path = SOSwiftVocabulary.podspec; sourceTree = "<group>"; };
		E1EA1D5B1FDD770700DABEA9 /* Package.swift */ = {isa = PBXFileReference; fileEncoding = 4; lastKnownFileType = sourcecode.swift; path = Package.swift; sourceTree = "<group>"; };
		E1EA1D5C1FDD770800DABEA9 /* LICENSE */ = {isa = PBXFileReference; fileEncoding = 4; lastKnownFileType = text; path = LICENSE; sourceTree = "<group>"; };
		FD866748A0BFDB6EC1F2E7AF /* Pods-SOSwiftVocabularyTests.release.xcconfig */ = {isa = PBXFileReference; includeInIndex = 1; lastKnownFileType = text.xcconfig; name = "Pods-SOSwiftVocabularyTests.release.xcconfig"; path = "Pods/Target Support Files/Pods-SOSwiftVocabularyTests/Pods-SOSwiftVocabularyTests.release.xcconfig"; sourceTree = "<group>"; };
/* End PBXFileReference section */

/* Begin PBXFrameworksBuildPhase section */
		E137CAE21F7012DB00CB175C /* Frameworks */ = {
			isa = PBXFrameworksBuildPhase;
			buildActionMask = 2147483647;
			files = (
				FF7BE5B1191BADB53F256295 /* Pods_SOSwiftVocabulary.framework in Frameworks */,
			);
			runOnlyForDeploymentPostprocessing = 0;
		};
		E137CAEC1F7012DB00CB175C /* Frameworks */ = {
			isa = PBXFrameworksBuildPhase;
			buildActionMask = 2147483647;
			files = (
				E137CAF01F7012DB00CB175C /* SOSwiftVocabulary.framework in Frameworks */,
				F4682F296E507DF79C369F80 /* Pods_SOSwiftVocabularyTests.framework in Frameworks */,
			);
			runOnlyForDeploymentPostprocessing = 0;
		};
/* End PBXFrameworksBuildPhase section */

/* Begin PBXGroup section */
		3D6F23A14365AD4B77DA710D /* Pods */ = {
			isa = PBXGroup;
			children = (
				C8626E461C41FCB64C1D4D71 /* Pods-SOSwiftVocabulary.debug.xcconfig */,
				5331187105951F13518DD808 /* Pods-SOSwiftVocabulary.release.xcconfig */,
				E16CE8142B936E045C759FF5 /* Pods-SOSwiftVocabularyTests.debug.xcconfig */,
				FD866748A0BFDB6EC1F2E7AF /* Pods-SOSwiftVocabularyTests.release.xcconfig */,
			);
			name = Pods;
			sourceTree = "<group>";
		};
		7486BC6E71B242DA9D087D56 /* Frameworks */ = {
			isa = PBXGroup;
			children = (
				011D47F4109BB279F26065EF /* Pods_SOSwiftVocabulary.framework */,
				9980A6F2EE7B90EDD6F91F46 /* Pods_SOSwiftVocabularyTests.framework */,
			);
			name = Frameworks;
			sourceTree = "<group>";
		};
		E137CADC1F7012DB00CB175C = {
			isa = PBXGroup;
			children = (
				E1EA1D5C1FDD770800DABEA9 /* LICENSE */,
				E1EA1D5B1FDD770700DABEA9 /* Package.swift */,
				E1EA1D5A1FDD770700DABEA9 /* SOSwiftVocabulary.podspec */,
				E15286DC1FA7CEE500A473A9 /* README.md */,
				E137CC5D1F7039D600CB175C /* Sources */,
				E1659C961FE9B96B00ADEAD7 /* Tests */,
				E137CAE81F7012DB00CB175C /* SOSwiftVocabulary */,
				E137CAF31F7012DB00CB175C /* SOSwiftVocabularyTests */,
				E137CAE71F7012DB00CB175C /* Products */,
				3D6F23A14365AD4B77DA710D /* Pods */,
				7486BC6E71B242DA9D087D56 /* Frameworks */,
			);
			sourceTree = "<group>";
		};
		E137CAE71F7012DB00CB175C /* Products */ = {
			isa = PBXGroup;
			children = (
				E137CAE61F7012DB00CB175C /* SOSwiftVocabulary.framework */,
				E137CAEF1F7012DB00CB175C /* SOSwiftVocabularyTests.xctest */,
			);
			name = Products;
			sourceTree = "<group>";
		};
		E137CAE81F7012DB00CB175C /* SOSwiftVocabulary */ = {
			isa = PBXGroup;
			children = (
				E137CAE91F7012DB00CB175C /* SOSwiftVocabulary.h */,
				E137CAEA1F7012DB00CB175C /* Info.plist */,
			);
			path = SOSwiftVocabulary;
			sourceTree = "<group>";
		};
		E137CAF31F7012DB00CB175C /* SOSwiftVocabularyTests */ = {
			isa = PBXGroup;
			children = (
				E137CAF61F7012DB00CB175C /* Info.plist */,
			);
			path = SOSwiftVocabularyTests;
			sourceTree = "<group>";
		};
		E137CC5D1F7039D600CB175C /* Sources */ = {
			isa = PBXGroup;
			children = (
				E13FC1331FEAA775005EE3AD /* SOSwiftVocabulary */,
			);
			path = Sources;
			sourceTree = "<group>";
		};
		E13FC1331FEAA775005EE3AD /* SOSwiftVocabulary */ = {
			isa = PBXGroup;
			children = (
				E137CC5E1F7039D600CB175C /* AccessibilityAPI.swift */,
				E137CC5F1F7039D600CB175C /* AccessibilityControl.swift */,
				E137CC601F7039D600CB175C /* AccessibilityFeature.swift */,
				E137CC611F7039D600CB175C /* AccessibilityHazard.swift */,
				E137CC621F7039D600CB175C /* AccessMode.swift */,
				E137CC631F7039D600CB175C /* AccessModeSufficient.swift */,
				E137CC641F7039D600CB175C /* Action.swift */,
				E137CC651F7039D600CB175C /* ActionStatus.swift */,
				E137CC661F7039D600CB175C /* AdministrativeArea.swift */,
				E137CC671F7039D600CB175C /* AggregateRating.swift */,
				E137CC681F7039D600CB175C /* AlignmentObject.swift */,
				E137CC691F7039D600CB175C /* AlignmentObjectOrCourseOrText.swift */,
				E137CC6A1F7039D600CB175C /* Answer.swift */,
				E137CC6B1F7039D600CB175C /* AreaServed.swift */,
				E137CC6C1F7039D600CB175C /* Article.swift */,
				E137CC6D1F7039D600CB175C /* Audience.swift */,
				E137CC6E1F7039D600CB175C /* AudioObject.swift */,
				E137CC6F1F7039D600CB175C /* Brand.swift */,
				E137CC701F7039D600CB175C /* BrandOrOrganization.swift */,
				E137CC711F7039D600CB175C /* BroadcastService.swift */,
				E15286C41FA75D1000A473A9 /* BusinessEntityType.swift */,
				E15286C21FA75C7D00A473A9 /* BusinessFunction.swift */,
				E137CC721F7039D600CB175C /* Comment.swift */,
				E137CC731F7039D600CB175C /* ContactPoint.swift */,
				E137CC741F7039D600CB175C /* ContactPointOption.swift */,
				E137CC751F7039D600CB175C /* ContactPointOrPlace.swift */,
				E137CC761F7039D600CB175C /* Country.swift */,
				E137CC771F7039D600CB175C /* CountryOrText.swift */,
				E137CC781F7039D600CB175C /* Course.swift */,
				E137CC791F7039D600CB175C /* CourseInstance.swift */,
				E137CC7A1F7039D600CB175C /* CreativeWork.swift */,
				E15286B21FA6591600A473A9 /* CreativeWorkOrEvent.swift */,
				E137CC7B1F7039D600CB175C /* CreativeWorkOrProductOrURL.swift */,
				E137CC7C1F7039D600CB175C /* CreativeWorkOrText.swift */,
				E137CC7D1F7039D600CB175C /* CreativeWorkOrURL.swift */,
				E15286BA1FA758DC00A473A9 /* DataCatalog.swift */,
				E15286BC1FA7595D00A473A9 /* DataDownload.swift */,
				E137CC7E1F7039D600CB175C /* DataFeed.swift */,
				E15286B61FA7575900A473A9 /* DataFeedItem.swift */,
				E15286B81FA757F800A473A9 /* DataFeedItemOrThingOrText.swift */,
				E137CC7F1F7039D600CB175C /* Dataset.swift */,
				E137CC801F7039D600CB175C /* DateOnly.swift */,
				E137CC811F7039D600CB175C /* DateOnlyOrDateTime.swift */,
				E137CC821F7039D600CB175C /* DateTime.swift */,
				E137CC831F7039D600CB175C /* DateTimeOrURLOrText.swift */,
				E137CC841F7039D600CB175C /* DayOfWeek.swift */,
				E15286C01FA75B7F00A473A9 /* DeliveryMethod.swift */,
				E137CC851F7039D600CB175C /* Demand.swift */,
				E137CC861F7039D600CB175C /* Distance.swift */,
				E137CC871F7039D600CB175C /* DistanceOrQuantitativeValue.swift */,
				E137CC881F7039D600CB175C /* Duration.swift */,
				E137CC891F7039D600CB175C /* EducationalOrganization.swift */,
				E137CC8A1F7039D600CB175C /* EducationalOrganizationOrOrganization.swift */,
				E137CC8B1F7039D600CB175C /* EntryPoint.swift */,
				E137CC8C1F7039D600CB175C /* Enumeration.swift */,
				E137CC8D1F7039D600CB175C /* Event.swift */,
				E137CC8E1F7039D600CB175C /* EventStatus.swift */,
				E137CC8F1F7039D600CB175C /* Gender.swift */,
				E137CC901F7039D600CB175C /* GenderOrText.swift */,
				E137CC911F7039D600CB175C /* GeoCoordinates.swift */,
				E137CC921F7039D600CB175C /* GeoCoordinatesOrGeoShape.swift */,
				E137CC931F7039D600CB175C /* GeoShape.swift */,
				E15286C61FA75DD300A473A9 /* GeoShapeOrPlaceOrText.swift */,
				E137CC941F7039D600CB175C /* Identifier.swift */,
				E137CC951F7039D600CB175C /* ImageObject.swift */,
				E137CC961F7039D600CB175C /* ImageObjectOrPhotograph.swift */,
				E137CC971F7039D600CB175C /* ImageObjectOrURL.swift */,
				E137CC981F7039D600CB175C /* Intangible.swift */,
				E137CC991F7039D600CB175C /* IntegerOrText.swift */,
				E137CC9A1F7039D600CB175C /* InteractionCounter.swift */,
				E137CC9B1F7039D600CB175C /* Interactivity.swift */,
				E15286BE1FA75ABB00A473A9 /* ItemAvailability.swift */,
				E137CC9C1F7039D600CB175C /* ItemList.swift */,
				E137CC9D1F7039D600CB175C /* ItemListOrder.swift */,
				E137CC9E1F7039D600CB175C /* ItemListOrderOrText.swift */,
				E137CC9F1F7039D600CB175C /* ItemListOrMusicRecording.swift */,
				E137CCA01F7039D600CB175C /* Language.swift */,
				E137CCA11F7039D600CB175C /* LanguageOrText.swift */,
				E137CCA21F7039D600CB175C /* ListItem.swift */,
				E137CCA31F7039D600CB175C /* ListItemOrThingOrText.swift */,
				E137CCA41F7039D600CB175C /* LocationFeatureSpecification.swift */,
				E137CCA51F7039D600CB175C /* Map.swift */,
				E137CCA61F7039D600CB175C /* MapOrURL.swift */,
				E137CCA71F7039D600CB175C /* MapType.swift */,
				E137CCA81F7039D600CB175C /* MediaObject.swift */,
				E137CCA91F7039D600CB175C /* MonetaryAmount.swift */,
				E137CCAA1F7039D600CB175C /* MonetaryAmountOrPriceSpecification.swift */,
				E137CCAB1F7039D600CB175C /* MusicAlbum.swift */,
				E15286CE1FA762C100A473A9 /* MusicAlbumProduction.swift */,
				E15286D01FA7643E00A473A9 /* MusicAlbumRelease.swift */,
				E15286D61FA7669F00A473A9 /* MusicComposition.swift */,
				E137CCAC1F7039D600CB175C /* MusicGroup.swift */,
				E137CCAD1F7039D600CB175C /* MusicGroupOrPerson.swift */,
				E137CCAE1F7039D600CB175C /* MusicPlaylist.swift */,
				E137CCAF1F7039D600CB175C /* MusicRecording.swift */,
				E15286D41FA7651D00A473A9 /* MusicRelease.swift */,
				E15286D21FA764AF00A473A9 /* MusicReleaseFormat.swift */,
				E137CCB01F7039D600CB175C /* NewsArticle.swift */,
				E137CCB11F7039D600CB175C /* Number.swift */,
				E137CCB21F7039D600CB175C /* NumberOrText.swift */,
				E15286B41FA6642A00A473A9 /* Occupation.swift */,
				E137CCB31F7039D600CB175C /* Offer.swift */,
				E137CCB41F7039D600CB175C /* OfferCatalog.swift */,
				E137CCB51F7039D600CB175C /* OfferItemCondition.swift */,
				E137CCB61F7039D600CB175C /* OpeningHoursSpecification.swift */,
				E137CCB71F7039D600CB175C /* Organization.swift */,
				E137CCB81F7039D600CB175C /* OrganizationOrPerson.swift */,
				E137CCB91F7039D600CB175C /* OrganizationOrProgramMembership.swift */,
				E137CCBA1F7039D600CB175C /* OwnershipInfo.swift */,
				E137CCBB1F7039D600CB175C /* OwnershipInfoOrProduct.swift */,
				E137CCBC1F7039D600CB175C /* PerformingGroup.swift */,
				E137CCBD1F7039D600CB175C /* Person.swift */,
				E137CCBE1F7039D600CB175C /* PersonOrURL.swift */,
				E137CCBF1F7039D600CB175C /* Photograph.swift */,
				E15286D81FA76AC800A473A9 /* PhysicalActivityCategory.swift */,
				E15286DA1FA76B4C00A473A9 /* PhysicalActivityCategoryOrThingOrText.swift */,
				E137CCC01F7039D600CB175C /* Place.swift */,
				E137CCC11F7039D600CB175C /* PlaceOrPostalAddressOrText.swift */,
				E137CCC21F7039D600CB175C /* PostalAddress.swift */,
				E137CCC31F7039D600CB175C /* PostalAddressOrText.swift */,
				E137CCC41F7039D600CB175C /* PriceSpecification.swift */,
				E137CCC51F7039D600CB175C /* Product.swift */,
				E137CCC61F7039D600CB175C /* ProductModel.swift */,
				E137CCC71F7039D600CB175C /* ProductModelOrText.swift */,
				E137CCC81F7039D600CB175C /* ProductOrService.swift */,
				E137CCC91F7039D600CB175C /* ProductOrText.swift */,
				E137CCCA1F7039D600CB175C /* ProductOrURLOrText.swift */,
				E137CCCB1F7039D600CB175C /* ProgramMembership.swift */,
				E137CCCC1F7039D600CB175C /* PropertyValue.swift */,
				E137CCCD1F7039D600CB175C /* PropertyValueOrText.swift */,
				E137CCCE1F7039D600CB175C /* PublicationEvent.swift */,
				E137CCCF1F7039D600CB175C /* QualitativeValue.swift */,
				E137CCD01F7039D600CB175C /* QuantitativeValue.swift */,
				E137CCD11F7039D600CB175C /* Quantity.swift */,
				E137CCD21F7039D600CB175C /* Question.swift */,
				E137CCD31F7039D600CB175C /* Rating.swift */,
				E137CCD41F7039D600CB175C /* Review.swift */,
				E137CCD51F7039D600CB175C /* Service.swift */,
				E137CCD61F7039D600CB175C /* ServiceChannel.swift */,
				E137CCD71F7039D600CB175C /* SoftwareApplication.swift */,
				E137CCD81F7039D600CB175C /* SoftwareApplicationOrWebsite.swift */,
				E137CCD91F7039D600CB175C /* StructuredValue.swift */,
				E137CCDC1F7039D600CB175C /* Thing.swift */,
				E137CCDA1F7039D600CB175C /* ThingOrText.swift */,
				E137CCDD1F7039D600CB175C /* Time.swift */,
				E15286C81FA75EA400A473A9 /* TypeAndQuantityNode.swift */,
				E137CCDB1F7039D600CB175C /* URLOrText.swift */,
				E137CCDE1F7039D600CB175C /* Value.swift */,
				E137CCDF1F7039D600CB175C /* ValueReference.swift */,
				E137CCE01F7039D600CB175C /* VideoObject.swift */,
				E15286CC1FA7607300A473A9 /* WarrantyPromise.swift */,
				E15286CA1FA7600A00A473A9 /* WarrantyScope.swift */,
				E137CCE11F7039D600CB175C /* Website.swift */,
			);
			path = SOSwiftVocabulary;
			sourceTree = "<group>";
		};
		E13FC1341FEAA7E3005EE3AD /* SOSwiftVocabularyTests */ = {
			isa = PBXGroup;
			children = (
				E1659C9A1FE9BA1200ADEAD7 /* ThingTests.swift */,
			);
			path = SOSwiftVocabularyTests;
			sourceTree = "<group>";
		};
		E1659C961FE9B96B00ADEAD7 /* Tests */ = {
			isa = PBXGroup;
			children = (
				E13FC1341FEAA7E3005EE3AD /* SOSwiftVocabularyTests */,
				E1659C971FE9B98A00ADEAD7 /* LinuxMain.swift */,
			);
			path = Tests;
			sourceTree = "<group>";
		};
/* End PBXGroup section */

/* Begin PBXHeadersBuildPhase section */
		E137CAE31F7012DB00CB175C /* Headers */ = {
			isa = PBXHeadersBuildPhase;
			buildActionMask = 2147483647;
			files = (
				E137CAF71F7012DB00CB175C /* SOSwiftVocabulary.h in Headers */,
			);
			runOnlyForDeploymentPostprocessing = 0;
		};
/* End PBXHeadersBuildPhase section */

/* Begin PBXNativeTarget section */
		E137CAE51F7012DB00CB175C /* SOSwiftVocabulary */ = {
			isa = PBXNativeTarget;
			buildConfigurationList = E137CAFA1F7012DB00CB175C /* Build configuration list for PBXNativeTarget "SOSwiftVocabulary" */;
			buildPhases = (
				10435F10AC0A2FA122FDFE20 /* [CP] Check Pods Manifest.lock */,
				E137CAE11F7012DB00CB175C /* Sources */,
				E137CAE21F7012DB00CB175C /* Frameworks */,
				E137CAE31F7012DB00CB175C /* Headers */,
				E137CAE41F7012DB00CB175C /* Resources */,
				42C39897564B961EE95B64F3 /* [CP] Copy Pods Resources */,
			);
			buildRules = (
			);
			dependencies = (
			);
			name = SOSwiftVocabulary;
			productName = SOSwiftVocabulary;
			productReference = E137CAE61F7012DB00CB175C /* SOSwiftVocabulary.framework */;
			productType = "com.apple.product-type.framework";
		};
		E137CAEE1F7012DB00CB175C /* SOSwiftVocabularyTests */ = {
			isa = PBXNativeTarget;
			buildConfigurationList = E137CAFD1F7012DB00CB175C /* Build configuration list for PBXNativeTarget "SOSwiftVocabularyTests" */;
			buildPhases = (
				C293963BC6808F1765B8FCFE /* [CP] Check Pods Manifest.lock */,
				E137CAEB1F7012DB00CB175C /* Sources */,
				E137CAEC1F7012DB00CB175C /* Frameworks */,
				E137CAED1F7012DB00CB175C /* Resources */,
				94231A5AB7FFE5E534762133 /* [CP] Embed Pods Frameworks */,
				6E3A4BD918FEED8B43A751A2 /* [CP] Copy Pods Resources */,
			);
			buildRules = (
			);
			dependencies = (
				E137CAF21F7012DB00CB175C /* PBXTargetDependency */,
			);
			name = SOSwiftVocabularyTests;
			productName = SOSwiftVocabularyTests;
			productReference = E137CAEF1F7012DB00CB175C /* SOSwiftVocabularyTests.xctest */;
			productType = "com.apple.product-type.bundle.unit-test";
		};
/* End PBXNativeTarget section */

/* Begin PBXProject section */
		E137CADD1F7012DB00CB175C /* Project object */ = {
			isa = PBXProject;
			attributes = {
				LastSwiftUpdateCheck = 0900;
				LastUpgradeCheck = 0900;
				ORGANIZATIONNAME = "Richard Piazza";
				TargetAttributes = {
					E137CAE51F7012DB00CB175C = {
						CreatedOnToolsVersion = 9.0;
						ProvisioningStyle = Automatic;
					};
					E137CAEE1F7012DB00CB175C = {
						CreatedOnToolsVersion = 9.0;
						LastSwiftMigration = 0920;
						ProvisioningStyle = Automatic;
					};
				};
			};
			buildConfigurationList = E137CAE01F7012DB00CB175C /* Build configuration list for PBXProject "SOSwiftVocabulary" */;
			compatibilityVersion = "Xcode 8.0";
			developmentRegion = en;
			hasScannedForEncodings = 0;
			knownRegions = (
				en,
			);
			mainGroup = E137CADC1F7012DB00CB175C;
			productRefGroup = E137CAE71F7012DB00CB175C /* Products */;
			projectDirPath = "";
			projectRoot = "";
			targets = (
				E137CAE51F7012DB00CB175C /* SOSwiftVocabulary */,
				E137CAEE1F7012DB00CB175C /* SOSwiftVocabularyTests */,
			);
		};
/* End PBXProject section */

/* Begin PBXResourcesBuildPhase section */
		E137CAE41F7012DB00CB175C /* Resources */ = {
			isa = PBXResourcesBuildPhase;
			buildActionMask = 2147483647;
			files = (
			);
			runOnlyForDeploymentPostprocessing = 0;
		};
		E137CAED1F7012DB00CB175C /* Resources */ = {
			isa = PBXResourcesBuildPhase;
			buildActionMask = 2147483647;
			files = (
			);
			runOnlyForDeploymentPostprocessing = 0;
		};
/* End PBXResourcesBuildPhase section */

/* Begin PBXShellScriptBuildPhase section */
		10435F10AC0A2FA122FDFE20 /* [CP] Check Pods Manifest.lock */ = {
			isa = PBXShellScriptBuildPhase;
			buildActionMask = 2147483647;
			files = (
			);
			inputPaths = (
				"${PODS_PODFILE_DIR_PATH}/Podfile.lock",
				"${PODS_ROOT}/Manifest.lock",
			);
			name = "[CP] Check Pods Manifest.lock";
			outputPaths = (
				"$(DERIVED_FILE_DIR)/Pods-SOSwiftVocabulary-checkManifestLockResult.txt",
			);
			runOnlyForDeploymentPostprocessing = 0;
			shellPath = /bin/sh;
			shellScript = "diff \"${PODS_PODFILE_DIR_PATH}/Podfile.lock\" \"${PODS_ROOT}/Manifest.lock\" > /dev/null\nif [ $? != 0 ] ; then\n    # print error to STDERR\n    echo \"error: The sandbox is not in sync with the Podfile.lock. Run 'pod install' or update your CocoaPods installation.\" >&2\n    exit 1\nfi\n# This output is used by Xcode 'outputs' to avoid re-running this script phase.\necho \"SUCCESS\" > \"${SCRIPT_OUTPUT_FILE_0}\"\n";
			showEnvVarsInLog = 0;
		};
		42C39897564B961EE95B64F3 /* [CP] Copy Pods Resources */ = {
			isa = PBXShellScriptBuildPhase;
			buildActionMask = 2147483647;
			files = (
			);
			inputPaths = (
			);
			name = "[CP] Copy Pods Resources";
			outputPaths = (
			);
			runOnlyForDeploymentPostprocessing = 0;
			shellPath = /bin/sh;
			shellScript = "\"${SRCROOT}/Pods/Target Support Files/Pods-SOSwiftVocabulary/Pods-SOSwiftVocabulary-resources.sh\"\n";
			showEnvVarsInLog = 0;
		};
		6E3A4BD918FEED8B43A751A2 /* [CP] Copy Pods Resources */ = {
			isa = PBXShellScriptBuildPhase;
			buildActionMask = 2147483647;
			files = (
			);
			inputPaths = (
			);
			name = "[CP] Copy Pods Resources";
			outputPaths = (
			);
			runOnlyForDeploymentPostprocessing = 0;
			shellPath = /bin/sh;
			shellScript = "\"${SRCROOT}/Pods/Target Support Files/Pods-SOSwiftVocabularyTests/Pods-SOSwiftVocabularyTests-resources.sh\"\n";
			showEnvVarsInLog = 0;
		};
		94231A5AB7FFE5E534762133 /* [CP] Embed Pods Frameworks */ = {
			isa = PBXShellScriptBuildPhase;
			buildActionMask = 2147483647;
			files = (
			);
			inputPaths = (
			);
			name = "[CP] Embed Pods Frameworks";
			outputPaths = (
			);
			runOnlyForDeploymentPostprocessing = 0;
			shellPath = /bin/sh;
			shellScript = "\"${SRCROOT}/Pods/Target Support Files/Pods-SOSwiftVocabularyTests/Pods-SOSwiftVocabularyTests-frameworks.sh\"\n";
			showEnvVarsInLog = 0;
		};
		C293963BC6808F1765B8FCFE /* [CP] Check Pods Manifest.lock */ = {
			isa = PBXShellScriptBuildPhase;
			buildActionMask = 2147483647;
			files = (
			);
			inputPaths = (
				"${PODS_PODFILE_DIR_PATH}/Podfile.lock",
				"${PODS_ROOT}/Manifest.lock",
			);
			name = "[CP] Check Pods Manifest.lock";
			outputPaths = (
				"$(DERIVED_FILE_DIR)/Pods-SOSwiftVocabularyTests-checkManifestLockResult.txt",
			);
			runOnlyForDeploymentPostprocessing = 0;
			shellPath = /bin/sh;
			shellScript = "diff \"${PODS_PODFILE_DIR_PATH}/Podfile.lock\" \"${PODS_ROOT}/Manifest.lock\" > /dev/null\nif [ $? != 0 ] ; then\n    # print error to STDERR\n    echo \"error: The sandbox is not in sync with the Podfile.lock. Run 'pod install' or update your CocoaPods installation.\" >&2\n    exit 1\nfi\n# This output is used by Xcode 'outputs' to avoid re-running this script phase.\necho \"SUCCESS\" > \"${SCRIPT_OUTPUT_FILE_0}\"\n";
			showEnvVarsInLog = 0;
		};
/* End PBXShellScriptBuildPhase section */

/* Begin PBXSourcesBuildPhase section */
		E137CAE11F7012DB00CB175C /* Sources */ = {
			isa = PBXSourcesBuildPhase;
			buildActionMask = 2147483647;
			files = (
				E137CD451F7039D600CB175C /* PlaceOrPostalAddressOrText.swift in Sources */,
				E137CD141F7039D600CB175C /* GenderOrText.swift in Sources */,
				E137CD481F7039D600CB175C /* PriceSpecification.swift in Sources */,
				E15286D91FA76AC800A473A9 /* PhysicalActivityCategory.swift in Sources */,
				E137CD531F7039D600CB175C /* QualitativeValue.swift in Sources */,
				E137CD281F7039D600CB175C /* LocationFeatureSpecification.swift in Sources */,
				E15286C31FA75C7D00A473A9 /* BusinessFunction.swift in Sources */,
				E137CD021F7039D600CB175C /* DataFeed.swift in Sources */,
				E137CCFF1F7039D600CB175C /* CreativeWorkOrProductOrURL.swift in Sources */,
				E137CD0C1F7039D600CB175C /* Duration.swift in Sources */,
				E137CD0F1F7039D600CB175C /* EntryPoint.swift in Sources */,
				E137CD5B1F7039D600CB175C /* SoftwareApplication.swift in Sources */,
				E15286CD1FA7607300A473A9 /* WarrantyPromise.swift in Sources */,
				E137CCFC1F7039D600CB175C /* Course.swift in Sources */,
				E137CD3C1F7039D600CB175C /* OrganizationOrPerson.swift in Sources */,
				E137CD071F7039D600CB175C /* DateTimeOrURLOrText.swift in Sources */,
				E137CD4B1F7039D600CB175C /* ProductModelOrText.swift in Sources */,
				E137CD351F7039D600CB175C /* Number.swift in Sources */,
				E137CCF21F7039D600CB175C /* AudioObject.swift in Sources */,
				E15286BF1FA75ABB00A473A9 /* ItemAvailability.swift in Sources */,
				E137CD521F7039D600CB175C /* PublicationEvent.swift in Sources */,
				E137CD0A1F7039D600CB175C /* Distance.swift in Sources */,
				E137CD591F7039D600CB175C /* Service.swift in Sources */,
				E137CD5C1F7039D600CB175C /* SoftwareApplicationOrWebsite.swift in Sources */,
				E137CD251F7039D600CB175C /* LanguageOrText.swift in Sources */,
				E137CD031F7039D600CB175C /* Dataset.swift in Sources */,
				E137CD4D1F7039D600CB175C /* ProductOrText.swift in Sources */,
				E137CD341F7039D600CB175C /* NewsArticle.swift in Sources */,
				E137CD561F7039D600CB175C /* Question.swift in Sources */,
				E137CCF71F7039D600CB175C /* ContactPoint.swift in Sources */,
				E137CD621F7039D600CB175C /* Value.swift in Sources */,
				E15286D71FA7669F00A473A9 /* MusicComposition.swift in Sources */,
				E137CD361F7039D600CB175C /* NumberOrText.swift in Sources */,
				E137CD4A1F7039D600CB175C /* ProductModel.swift in Sources */,
				E137CD431F7039D600CB175C /* Photograph.swift in Sources */,
				E137CCFB1F7039D600CB175C /* CountryOrText.swift in Sources */,
				E137CD3D1F7039D600CB175C /* OrganizationOrProgramMembership.swift in Sources */,
				E137CD061F7039D600CB175C /* DateTime.swift in Sources */,
				E137CD461F7039D600CB175C /* PostalAddress.swift in Sources */,
				E137CD581F7039D600CB175C /* Review.swift in Sources */,
				E137CD4C1F7039D600CB175C /* ProductOrService.swift in Sources */,
				E15286B51FA6642A00A473A9 /* Occupation.swift in Sources */,
				E137CD501F7039D600CB175C /* PropertyValue.swift in Sources */,
				E137CD631F7039D600CB175C /* ValueReference.swift in Sources */,
				E137CD401F7039D600CB175C /* PerformingGroup.swift in Sources */,
				E15286B91FA757F800A473A9 /* DataFeedItemOrThingOrText.swift in Sources */,
				E137CD491F7039D600CB175C /* Product.swift in Sources */,
				E137CD321F7039D600CB175C /* MusicPlaylist.swift in Sources */,
				E137CCF41F7039D600CB175C /* BrandOrOrganization.swift in Sources */,
				E137CCFD1F7039D600CB175C /* CourseInstance.swift in Sources */,
				E15286BB1FA758DC00A473A9 /* DataCatalog.swift in Sources */,
				E137CD041F7039D600CB175C /* DateOnly.swift in Sources */,
				E137CCF31F7039D600CB175C /* Brand.swift in Sources */,
				E137CD1C1F7039D600CB175C /* Intangible.swift in Sources */,
				E137CD5A1F7039D600CB175C /* ServiceChannel.swift in Sources */,
				E137CCE61F7039D600CB175C /* AccessMode.swift in Sources */,
				E137CD271F7039D600CB175C /* ListItemOrThingOrText.swift in Sources */,
				E15286D51FA7651D00A473A9 /* MusicRelease.swift in Sources */,
				E137CCEF1F7039D600CB175C /* AreaServed.swift in Sources */,
				E137CD411F7039D600CB175C /* Person.swift in Sources */,
				E137CCE31F7039D600CB175C /* AccessibilityControl.swift in Sources */,
				E137CD241F7039D600CB175C /* Language.swift in Sources */,
				E137CD311F7039D600CB175C /* MusicGroupOrPerson.swift in Sources */,
				E137CD471F7039D600CB175C /* PostalAddressOrText.swift in Sources */,
				E137CD211F7039D600CB175C /* ItemListOrder.swift in Sources */,
				E15286C11FA75B7F00A473A9 /* DeliveryMethod.swift in Sources */,
				E15286B31FA6591600A473A9 /* CreativeWorkOrEvent.swift in Sources */,
				E137CD261F7039D600CB175C /* ListItem.swift in Sources */,
				E137CD3F1F7039D600CB175C /* OwnershipInfoOrProduct.swift in Sources */,
				E137CD091F7039D600CB175C /* Demand.swift in Sources */,
				E137CCE71F7039D600CB175C /* AccessModeSufficient.swift in Sources */,
				E137CCFA1F7039D600CB175C /* Country.swift in Sources */,
				E137CD5F1F7039D600CB175C /* URLOrText.swift in Sources */,
				E137CD571F7039D600CB175C /* Rating.swift in Sources */,
				E137CD2B1F7039D600CB175C /* MapType.swift in Sources */,
				E15286B71FA7575900A473A9 /* DataFeedItem.swift in Sources */,
				E137CD441F7039D600CB175C /* Place.swift in Sources */,
				E137CD3A1F7039D600CB175C /* OpeningHoursSpecification.swift in Sources */,
				E137CD3E1F7039D600CB175C /* OwnershipInfo.swift in Sources */,
				E137CCF91F7039D600CB175C /* ContactPointOrPlace.swift in Sources */,
				E15286CF1FA762C100A473A9 /* MusicAlbumProduction.swift in Sources */,
				E137CCE21F7039D600CB175C /* AccessibilityAPI.swift in Sources */,
				E137CD1D1F7039D600CB175C /* IntegerOrText.swift in Sources */,
				E137CD2A1F7039D600CB175C /* MapOrURL.swift in Sources */,
				E15286D11FA7643E00A473A9 /* MusicAlbumRelease.swift in Sources */,
				E137CD651F7039D600CB175C /* Website.swift in Sources */,
				E137CD151F7039D600CB175C /* GeoCoordinates.swift in Sources */,
				E137CD291F7039D600CB175C /* Map.swift in Sources */,
				E137CD181F7039D600CB175C /* Identifier.swift in Sources */,
				E137CD2D1F7039D600CB175C /* MonetaryAmount.swift in Sources */,
				E137CCED1F7039D600CB175C /* AlignmentObjectOrCourseOrText.swift in Sources */,
				E137CD081F7039D600CB175C /* DayOfWeek.swift in Sources */,
				E137CD1F1F7039D600CB175C /* Interactivity.swift in Sources */,
				E137CCEC1F7039D600CB175C /* AlignmentObject.swift in Sources */,
				E137CCF61F7039D600CB175C /* Comment.swift in Sources */,
				E137CD0B1F7039D600CB175C /* DistanceOrQuantitativeValue.swift in Sources */,
				E137CD171F7039D600CB175C /* GeoShape.swift in Sources */,
				E137CD101F7039D600CB175C /* Enumeration.swift in Sources */,
				E15286BD1FA7595D00A473A9 /* DataDownload.swift in Sources */,
				E137CD371F7039D600CB175C /* Offer.swift in Sources */,
				E15286C91FA75EA400A473A9 /* TypeAndQuantityNode.swift in Sources */,
				E137CD541F7039D600CB175C /* QuantitativeValue.swift in Sources */,
				E137CCF11F7039D600CB175C /* Audience.swift in Sources */,
				E15286C51FA75D1000A473A9 /* BusinessEntityType.swift in Sources */,
				E137CD4F1F7039D600CB175C /* ProgramMembership.swift in Sources */,
				E137CD601F7039D600CB175C /* Thing.swift in Sources */,
				E137CCE81F7039D600CB175C /* Action.swift in Sources */,
				E137CD1A1F7039D600CB175C /* ImageObjectOrPhotograph.swift in Sources */,
				E137CD301F7039D600CB175C /* MusicGroup.swift in Sources */,
				E137CCEE1F7039D600CB175C /* Answer.swift in Sources */,
				E137CD161F7039D600CB175C /* GeoCoordinatesOrGeoShape.swift in Sources */,
				E137CD191F7039D600CB175C /* ImageObject.swift in Sources */,
				E137CD001F7039D600CB175C /* CreativeWorkOrText.swift in Sources */,
				E137CD1B1F7039D600CB175C /* ImageObjectOrURL.swift in Sources */,
				E137CCE51F7039D600CB175C /* AccessibilityHazard.swift in Sources */,
				E137CD221F7039D600CB175C /* ItemListOrderOrText.swift in Sources */,
				E137CCE41F7039D600CB175C /* AccessibilityFeature.swift in Sources */,
				E137CD131F7039D600CB175C /* Gender.swift in Sources */,
				E15286C71FA75DD300A473A9 /* GeoShapeOrPlaceOrText.swift in Sources */,
				E15286DB1FA76B4C00A473A9 /* PhysicalActivityCategoryOrThingOrText.swift in Sources */,
				E137CCE91F7039D600CB175C /* ActionStatus.swift in Sources */,
				E137CCFE1F7039D600CB175C /* CreativeWork.swift in Sources */,
				E137CD2F1F7039D600CB175C /* MusicAlbum.swift in Sources */,
				E137CD4E1F7039D600CB175C /* ProductOrURLOrText.swift in Sources */,
				E137CD5E1F7039D600CB175C /* ThingOrText.swift in Sources */,
				E137CD051F7039D600CB175C /* DateOnlyOrDateTime.swift in Sources */,
				E137CCEB1F7039D600CB175C /* AggregateRating.swift in Sources */,
				E137CD331F7039D600CB175C /* MusicRecording.swift in Sources */,
				E137CD201F7039D600CB175C /* ItemList.swift in Sources */,
				E137CD111F7039D600CB175C /* Event.swift in Sources */,
				E137CD0E1F7039D600CB175C /* EducationalOrganizationOrOrganization.swift in Sources */,
				E137CD1E1F7039D600CB175C /* InteractionCounter.swift in Sources */,
				E137CCF51F7039D600CB175C /* BroadcastService.swift in Sources */,
				E137CD011F7039D600CB175C /* CreativeWorkOrURL.swift in Sources */,
				E137CCEA1F7039D600CB175C /* AdministrativeArea.swift in Sources */,
				E137CCF81F7039D600CB175C /* ContactPointOption.swift in Sources */,
				E137CD0D1F7039D600CB175C /* EducationalOrganization.swift in Sources */,
				E137CD121F7039D600CB175C /* EventStatus.swift in Sources */,
				E15286CB1FA7600A00A473A9 /* WarrantyScope.swift in Sources */,
				E137CD611F7039D600CB175C /* Time.swift in Sources */,
				E137CD2E1F7039D600CB175C /* MonetaryAmountOrPriceSpecification.swift in Sources */,
				E137CD5D1F7039D600CB175C /* StructuredValue.swift in Sources */,
				E137CD391F7039D600CB175C /* OfferItemCondition.swift in Sources */,
				E137CD551F7039D600CB175C /* Quantity.swift in Sources */,
				E137CD421F7039D600CB175C /* PersonOrURL.swift in Sources */,
				E15286D31FA764AF00A473A9 /* MusicReleaseFormat.swift in Sources */,
				E137CCF01F7039D600CB175C /* Article.swift in Sources */,
				E137CD2C1F7039D600CB175C /* MediaObject.swift in Sources */,
				E137CD511F7039D600CB175C /* PropertyValueOrText.swift in Sources */,
				E137CD381F7039D600CB175C /* OfferCatalog.swift in Sources */,
				E137CD3B1F7039D600CB175C /* Organization.swift in Sources */,
				E137CD231F7039D600CB175C /* ItemListOrMusicRecording.swift in Sources */,
				E137CD641F7039D600CB175C /* VideoObject.swift in Sources */,
			);
			runOnlyForDeploymentPostprocessing = 0;
		};
		E137CAEB1F7012DB00CB175C /* Sources */ = {
			isa = PBXSourcesBuildPhase;
			buildActionMask = 2147483647;
			files = (
				E1659C9B1FE9BA1200ADEAD7 /* ThingTests.swift in Sources */,
			);
			runOnlyForDeploymentPostprocessing = 0;
		};
/* End PBXSourcesBuildPhase section */

/* Begin PBXTargetDependency section */
		E137CAF21F7012DB00CB175C /* PBXTargetDependency */ = {
			isa = PBXTargetDependency;
			target = E137CAE51F7012DB00CB175C /* SOSwiftVocabulary */;
			targetProxy = E137CAF11F7012DB00CB175C /* PBXContainerItemProxy */;
		};
/* End PBXTargetDependency section */

/* Begin XCBuildConfiguration section */
		E137CAF81F7012DB00CB175C /* Debug */ = {
			isa = XCBuildConfiguration;
			buildSettings = {
				ALWAYS_SEARCH_USER_PATHS = NO;
				CLANG_ANALYZER_NONNULL = YES;
				CLANG_ANALYZER_NUMBER_OBJECT_CONVERSION = YES_AGGRESSIVE;
				CLANG_CXX_LANGUAGE_STANDARD = "gnu++14";
				CLANG_CXX_LIBRARY = "libc++";
				CLANG_ENABLE_MODULES = YES;
				CLANG_ENABLE_OBJC_ARC = YES;
				CLANG_WARN_BLOCK_CAPTURE_AUTORELEASING = YES;
				CLANG_WARN_BOOL_CONVERSION = YES;
				CLANG_WARN_COMMA = YES;
				CLANG_WARN_CONSTANT_CONVERSION = YES;
				CLANG_WARN_DIRECT_OBJC_ISA_USAGE = YES_ERROR;
				CLANG_WARN_DOCUMENTATION_COMMENTS = YES;
				CLANG_WARN_EMPTY_BODY = YES;
				CLANG_WARN_ENUM_CONVERSION = YES;
				CLANG_WARN_INFINITE_RECURSION = YES;
				CLANG_WARN_INT_CONVERSION = YES;
				CLANG_WARN_NON_LITERAL_NULL_CONVERSION = YES;
				CLANG_WARN_OBJC_LITERAL_CONVERSION = YES;
				CLANG_WARN_OBJC_ROOT_CLASS = YES_ERROR;
				CLANG_WARN_RANGE_LOOP_ANALYSIS = YES;
				CLANG_WARN_STRICT_PROTOTYPES = YES;
				CLANG_WARN_SUSPICIOUS_MOVE = YES;
				CLANG_WARN_UNGUARDED_AVAILABILITY = YES_AGGRESSIVE;
				CLANG_WARN_UNREACHABLE_CODE = YES;
				CLANG_WARN__DUPLICATE_METHOD_MATCH = YES;
				CODE_SIGN_IDENTITY = "-";
				COPY_PHASE_STRIP = NO;
				CURRENT_PROJECT_VERSION = 1;
				DEBUG_INFORMATION_FORMAT = dwarf;
				ENABLE_STRICT_OBJC_MSGSEND = YES;
				ENABLE_TESTABILITY = YES;
				GCC_C_LANGUAGE_STANDARD = gnu11;
				GCC_DYNAMIC_NO_PIC = NO;
				GCC_NO_COMMON_BLOCKS = YES;
				GCC_OPTIMIZATION_LEVEL = 0;
				GCC_PREPROCESSOR_DEFINITIONS = (
					"DEBUG=1",
					"$(inherited)",
				);
				GCC_WARN_64_TO_32_BIT_CONVERSION = YES;
				GCC_WARN_ABOUT_RETURN_TYPE = YES_ERROR;
				GCC_WARN_UNDECLARED_SELECTOR = YES;
				GCC_WARN_UNINITIALIZED_AUTOS = YES_AGGRESSIVE;
				GCC_WARN_UNUSED_FUNCTION = YES;
				GCC_WARN_UNUSED_VARIABLE = YES;
				MACOSX_DEPLOYMENT_TARGET = 10.12;
				MTL_ENABLE_DEBUG_INFO = YES;
				ONLY_ACTIVE_ARCH = YES;
				SDKROOT = macosx;
				SWIFT_ACTIVE_COMPILATION_CONDITIONS = DEBUG;
				SWIFT_OPTIMIZATION_LEVEL = "-Onone";
				VERSIONING_SYSTEM = "apple-generic";
				VERSION_INFO_PREFIX = "";
			};
			name = Debug;
		};
		E137CAF91F7012DB00CB175C /* Release */ = {
			isa = XCBuildConfiguration;
			buildSettings = {
				ALWAYS_SEARCH_USER_PATHS = NO;
				CLANG_ANALYZER_NONNULL = YES;
				CLANG_ANALYZER_NUMBER_OBJECT_CONVERSION = YES_AGGRESSIVE;
				CLANG_CXX_LANGUAGE_STANDARD = "gnu++14";
				CLANG_CXX_LIBRARY = "libc++";
				CLANG_ENABLE_MODULES = YES;
				CLANG_ENABLE_OBJC_ARC = YES;
				CLANG_WARN_BLOCK_CAPTURE_AUTORELEASING = YES;
				CLANG_WARN_BOOL_CONVERSION = YES;
				CLANG_WARN_COMMA = YES;
				CLANG_WARN_CONSTANT_CONVERSION = YES;
				CLANG_WARN_DIRECT_OBJC_ISA_USAGE = YES_ERROR;
				CLANG_WARN_DOCUMENTATION_COMMENTS = YES;
				CLANG_WARN_EMPTY_BODY = YES;
				CLANG_WARN_ENUM_CONVERSION = YES;
				CLANG_WARN_INFINITE_RECURSION = YES;
				CLANG_WARN_INT_CONVERSION = YES;
				CLANG_WARN_NON_LITERAL_NULL_CONVERSION = YES;
				CLANG_WARN_OBJC_LITERAL_CONVERSION = YES;
				CLANG_WARN_OBJC_ROOT_CLASS = YES_ERROR;
				CLANG_WARN_RANGE_LOOP_ANALYSIS = YES;
				CLANG_WARN_STRICT_PROTOTYPES = YES;
				CLANG_WARN_SUSPICIOUS_MOVE = YES;
				CLANG_WARN_UNGUARDED_AVAILABILITY = YES_AGGRESSIVE;
				CLANG_WARN_UNREACHABLE_CODE = YES;
				CLANG_WARN__DUPLICATE_METHOD_MATCH = YES;
				CODE_SIGN_IDENTITY = "-";
				COPY_PHASE_STRIP = NO;
				CURRENT_PROJECT_VERSION = 1;
				DEBUG_INFORMATION_FORMAT = "dwarf-with-dsym";
				ENABLE_NS_ASSERTIONS = NO;
				ENABLE_STRICT_OBJC_MSGSEND = YES;
				GCC_C_LANGUAGE_STANDARD = gnu11;
				GCC_NO_COMMON_BLOCKS = YES;
				GCC_WARN_64_TO_32_BIT_CONVERSION = YES;
				GCC_WARN_ABOUT_RETURN_TYPE = YES_ERROR;
				GCC_WARN_UNDECLARED_SELECTOR = YES;
				GCC_WARN_UNINITIALIZED_AUTOS = YES_AGGRESSIVE;
				GCC_WARN_UNUSED_FUNCTION = YES;
				GCC_WARN_UNUSED_VARIABLE = YES;
				MACOSX_DEPLOYMENT_TARGET = 10.12;
				MTL_ENABLE_DEBUG_INFO = NO;
				SDKROOT = macosx;
				SWIFT_OPTIMIZATION_LEVEL = "-Owholemodule";
				VERSIONING_SYSTEM = "apple-generic";
				VERSION_INFO_PREFIX = "";
			};
			name = Release;
		};
		E137CAFB1F7012DB00CB175C /* Debug */ = {
			isa = XCBuildConfiguration;
			baseConfigurationReference = C8626E461C41FCB64C1D4D71 /* Pods-SOSwiftVocabulary.debug.xcconfig */;
			buildSettings = {
				CODE_SIGN_IDENTITY = "";
				CODE_SIGN_STYLE = Automatic;
				COMBINE_HIDPI_IMAGES = YES;
				DEFINES_MODULE = YES;
				DYLIB_COMPATIBILITY_VERSION = 1;
				DYLIB_CURRENT_VERSION = 1;
				DYLIB_INSTALL_NAME_BASE = "@rpath";
				FRAMEWORK_VERSION = A;
				INFOPLIST_FILE = SOSwiftVocabulary/Info.plist;
				INSTALL_PATH = "$(LOCAL_LIBRARY_DIR)/Frameworks";
				LD_RUNPATH_SEARCH_PATHS = "$(inherited) @executable_path/../Frameworks @loader_path/Frameworks";
				PRODUCT_BUNDLE_IDENTIFIER = com.richardpiazza.SOSwiftVocabulary;
				PRODUCT_NAME = "$(TARGET_NAME:c99extidentifier)";
				SKIP_INSTALL = YES;
				SWIFT_VERSION = 4.0;
			};
			name = Debug;
		};
		E137CAFC1F7012DB00CB175C /* Release */ = {
			isa = XCBuildConfiguration;
			baseConfigurationReference = 5331187105951F13518DD808 /* Pods-SOSwiftVocabulary.release.xcconfig */;
			buildSettings = {
				CODE_SIGN_IDENTITY = "";
				CODE_SIGN_STYLE = Automatic;
				COMBINE_HIDPI_IMAGES = YES;
				DEFINES_MODULE = YES;
				DYLIB_COMPATIBILITY_VERSION = 1;
				DYLIB_CURRENT_VERSION = 1;
				DYLIB_INSTALL_NAME_BASE = "@rpath";
				FRAMEWORK_VERSION = A;
				INFOPLIST_FILE = SOSwiftVocabulary/Info.plist;
				INSTALL_PATH = "$(LOCAL_LIBRARY_DIR)/Frameworks";
				LD_RUNPATH_SEARCH_PATHS = "$(inherited) @executable_path/../Frameworks @loader_path/Frameworks";
				PRODUCT_BUNDLE_IDENTIFIER = com.richardpiazza.SOSwiftVocabulary;
				PRODUCT_NAME = "$(TARGET_NAME:c99extidentifier)";
				SKIP_INSTALL = YES;
				SWIFT_VERSION = 4.0;
			};
			name = Release;
		};
		E137CAFE1F7012DB00CB175C /* Debug */ = {
			isa = XCBuildConfiguration;
			baseConfigurationReference = E16CE8142B936E045C759FF5 /* Pods-SOSwiftVocabularyTests.debug.xcconfig */;
			buildSettings = {
				ALWAYS_EMBED_SWIFT_STANDARD_LIBRARIES = YES;
				CLANG_ENABLE_MODULES = YES;
				CODE_SIGN_STYLE = Automatic;
				COMBINE_HIDPI_IMAGES = YES;
				INFOPLIST_FILE = SOSwiftVocabularyTests/Info.plist;
				LD_RUNPATH_SEARCH_PATHS = "$(inherited) @executable_path/../Frameworks @loader_path/../Frameworks";
				PRODUCT_BUNDLE_IDENTIFIER = com.richardpiazza.SOSwiftVocabularyTests;
				PRODUCT_NAME = "$(TARGET_NAME)";
				SWIFT_OPTIMIZATION_LEVEL = "-Onone";
				SWIFT_VERSION = 4.0;
			};
			name = Debug;
		};
		E137CAFF1F7012DB00CB175C /* Release */ = {
			isa = XCBuildConfiguration;
			baseConfigurationReference = FD866748A0BFDB6EC1F2E7AF /* Pods-SOSwiftVocabularyTests.release.xcconfig */;
			buildSettings = {
				ALWAYS_EMBED_SWIFT_STANDARD_LIBRARIES = YES;
				CLANG_ENABLE_MODULES = YES;
				CODE_SIGN_STYLE = Automatic;
				COMBINE_HIDPI_IMAGES = YES;
				INFOPLIST_FILE = SOSwiftVocabularyTests/Info.plist;
				LD_RUNPATH_SEARCH_PATHS = "$(inherited) @executable_path/../Frameworks @loader_path/../Frameworks";
				PRODUCT_BUNDLE_IDENTIFIER = com.richardpiazza.SOSwiftVocabularyTests;
				PRODUCT_NAME = "$(TARGET_NAME)";
				SWIFT_VERSION = 4.0;
			};
			name = Release;
		};
/* End XCBuildConfiguration section */

/* Begin XCConfigurationList section */
		E137CAE01F7012DB00CB175C /* Build configuration list for PBXProject "SOSwiftVocabulary" */ = {
			isa = XCConfigurationList;
			buildConfigurations = (
				E137CAF81F7012DB00CB175C /* Debug */,
				E137CAF91F7012DB00CB175C /* Release */,
			);
			defaultConfigurationIsVisible = 0;
			defaultConfigurationName = Release;
		};
		E137CAFA1F7012DB00CB175C /* Build configuration list for PBXNativeTarget "SOSwiftVocabulary" */ = {
			isa = XCConfigurationList;
			buildConfigurations = (
				E137CAFB1F7012DB00CB175C /* Debug */,
				E137CAFC1F7012DB00CB175C /* Release */,
			);
			defaultConfigurationIsVisible = 0;
			defaultConfigurationName = Release;
		};
		E137CAFD1F7012DB00CB175C /* Build configuration list for PBXNativeTarget "SOSwiftVocabularyTests" */ = {
			isa = XCConfigurationList;
			buildConfigurations = (
				E137CAFE1F7012DB00CB175C /* Debug */,
				E137CAFF1F7012DB00CB175C /* Release */,
			);
			defaultConfigurationIsVisible = 0;
			defaultConfigurationName = Release;
		};
/* End XCConfigurationList section */
	};
	rootObject = E137CADD1F7012DB00CB175C /* Project object */;
}
